// !$*UTF8*$!
{
	archiveVersion = 1;
	classes = {
	};
	objectVersion = 46;
	objects = {

/* Begin PBXBuildFile section */
		B69D0E361A9231FC00FD91C4 /* AppDelegate.swift in Sources */ = {isa = PBXBuildFile; fileRef = B69D0E351A9231FC00FD91C4 /* AppDelegate.swift */; };
		B69D0E3D1A9231FD00FD91C4 /* Images.xcassets in Resources */ = {isa = PBXBuildFile; fileRef = B69D0E3C1A9231FD00FD91C4 /* Images.xcassets */; };
		B69D0E401A9231FD00FD91C4 /* LaunchScreen.xib in Resources */ = {isa = PBXBuildFile; fileRef = B69D0E3E1A9231FD00FD91C4 /* LaunchScreen.xib */; };
		B69D0E4C1A9231FD00FD91C4 /* MotionSicknessTests.swift in Sources */ = {isa = PBXBuildFile; fileRef = B69D0E4B1A9231FD00FD91C4 /* MotionSicknessTests.swift */; };
		B69D0E561A92325400FD91C4 /* Main.storyboard in Resources */ = {isa = PBXBuildFile; fileRef = B69D0E551A92325400FD91C4 /* Main.storyboard */; };
		B69D0E581A9232DE00FD91C4 /* TableViewController.swift in Sources */ = {isa = PBXBuildFile; fileRef = B69D0E571A9232DE00FD91C4 /* TableViewController.swift */; };
		B69D0E5A1A924B6F00FD91C4 /* DeltaView.swift in Sources */ = {isa = PBXBuildFile; fileRef = B69D0E591A924B6F00FD91C4 /* DeltaView.swift */; };
/* End PBXBuildFile section */

/* Begin PBXContainerItemProxy section */
		B69D0E461A9231FD00FD91C4 /* PBXContainerItemProxy */ = {
			isa = PBXContainerItemProxy;
			containerPortal = B69D0E281A9231FC00FD91C4 /* Project object */;
			proxyType = 1;
			remoteGlobalIDString = B69D0E2F1A9231FC00FD91C4;
			remoteInfo = MotionSickness;
		};
/* End PBXContainerItemProxy section */

/* Begin PBXFileReference section */
		B69D0E301A9231FC00FD91C4 /* MotionSickness.app */ = {isa = PBXFileReference; explicitFileType = wrapper.application; includeInIndex = 0; path = MotionSickness.app; sourceTree = BUILT_PRODUCTS_DIR; };
		B69D0E341A9231FC00FD91C4 /* Info.plist */ = {isa = PBXFileReference; lastKnownFileType = text.plist.xml; path = Info.plist; sourceTree = "<group>"; };
		B69D0E351A9231FC00FD91C4 /* AppDelegate.swift */ = {isa = PBXFileReference; lastKnownFileType = sourcecode.swift; path = AppDelegate.swift; sourceTree = "<group>"; };
		B69D0E3C1A9231FD00FD91C4 /* Images.xcassets */ = {isa = PBXFileReference; lastKnownFileType = folder.assetcatalog; path = Images.xcassets; sourceTree = "<group>"; };
		B69D0E3F1A9231FD00FD91C4 /* Base */ = {isa = PBXFileReference; lastKnownFileType = file.xib; name = Base; path = Base.lproj/LaunchScreen.xib; sourceTree = "<group>"; };
		B69D0E451A9231FD00FD91C4 /* MotionSicknessTests.xctest */ = {isa = PBXFileReference; explicitFileType = wrapper.cfbundle; includeInIndex = 0; path = MotionSicknessTests.xctest; sourceTree = BUILT_PRODUCTS_DIR; };
		B69D0E4A1A9231FD00FD91C4 /* Info.plist */ = {isa = PBXFileReference; lastKnownFileType = text.plist.xml; path = Info.plist; sourceTree = "<group>"; };
		B69D0E4B1A9231FD00FD91C4 /* MotionSicknessTests.swift */ = {isa = PBXFileReference; lastKnownFileType = sourcecode.swift; path = MotionSicknessTests.swift; sourceTree = "<group>"; };
		B69D0E551A92325400FD91C4 /* Main.storyboard */ = {isa = PBXFileReference; fileEncoding = 4; lastKnownFileType = file.storyboard; path = Main.storyboard; sourceTree = "<group>"; };
		B69D0E571A9232DE00FD91C4 /* TableViewController.swift */ = {isa = PBXFileReference; fileEncoding = 4; lastKnownFileType = sourcecode.swift; path = TableViewController.swift; sourceTree = "<group>"; };
		B69D0E591A924B6F00FD91C4 /* DeltaView.swift */ = {isa = PBXFileReference; fileEncoding = 4; lastKnownFileType = sourcecode.swift; path = DeltaView.swift; sourceTree = "<group>"; };
/* End PBXFileReference section */

/* Begin PBXFrameworksBuildPhase section */
		B69D0E2D1A9231FC00FD91C4 /* Frameworks */ = {
			isa = PBXFrameworksBuildPhase;
			buildActionMask = 2147483647;
			files = (
			);
			runOnlyForDeploymentPostprocessing = 0;
		};
		B69D0E421A9231FD00FD91C4 /* Frameworks */ = {
			isa = PBXFrameworksBuildPhase;
			buildActionMask = 2147483647;
			files = (
			);
			runOnlyForDeploymentPostprocessing = 0;
		};
/* End PBXFrameworksBuildPhase section */

/* Begin PBXGroup section */
		B69D0E271A9231FC00FD91C4 = {
			isa = PBXGroup;
			children = (
				B69D0E321A9231FC00FD91C4 /* MotionSickness */,
				B69D0E481A9231FD00FD91C4 /* MotionSicknessTests */,
				B69D0E311A9231FC00FD91C4 /* Products */,
			);
			sourceTree = "<group>";
		};
		B69D0E311A9231FC00FD91C4 /* Products */ = {
			isa = PBXGroup;
			children = (
				B69D0E301A9231FC00FD91C4 /* MotionSickness.app */,
				B69D0E451A9231FD00FD91C4 /* MotionSicknessTests.xctest */,
			);
			name = Products;
			sourceTree = "<group>";
		};
		B69D0E321A9231FC00FD91C4 /* MotionSickness */ = {
			isa = PBXGroup;
			children = (
				B69D0E551A92325400FD91C4 /* Main.storyboard */,
				B69D0E571A9232DE00FD91C4 /* TableViewController.swift */,
				B69D0E591A924B6F00FD91C4 /* DeltaView.swift */,
				B69D0E331A9231FC00FD91C4 /* Supporting Files */,
			);
			path = MotionSickness;
			sourceTree = "<group>";
		};
		B69D0E331A9231FC00FD91C4 /* Supporting Files */ = {
			isa = PBXGroup;
			children = (
				B69D0E3C1A9231FD00FD91C4 /* Images.xcassets */,
				B69D0E3E1A9231FD00FD91C4 /* LaunchScreen.xib */,
				B69D0E351A9231FC00FD91C4 /* AppDelegate.swift */,
				B69D0E341A9231FC00FD91C4 /* Info.plist */,
			);
			name = "Supporting Files";
			sourceTree = "<group>";
		};
		B69D0E481A9231FD00FD91C4 /* MotionSicknessTests */ = {
			isa = PBXGroup;
			children = (
				B69D0E4B1A9231FD00FD91C4 /* MotionSicknessTests.swift */,
				B69D0E491A9231FD00FD91C4 /* Supporting Files */,
			);
			path = MotionSicknessTests;
			sourceTree = "<group>";
		};
		B69D0E491A9231FD00FD91C4 /* Supporting Files */ = {
			isa = PBXGroup;
			children = (
				B69D0E4A1A9231FD00FD91C4 /* Info.plist */,
			);
			name = "Supporting Files";
			sourceTree = "<group>";
		};
/* End PBXGroup section */

/* Begin PBXNativeTarget section */
		B69D0E2F1A9231FC00FD91C4 /* MotionSickness */ = {
			isa = PBXNativeTarget;
			buildConfigurationList = B69D0E4F1A9231FD00FD91C4 /* Build configuration list for PBXNativeTarget "MotionSickness" */;
			buildPhases = (
				B69D0E2C1A9231FC00FD91C4 /* Sources */,
				B69D0E2D1A9231FC00FD91C4 /* Frameworks */,
				B69D0E2E1A9231FC00FD91C4 /* Resources */,
			);
			buildRules = (
			);
			dependencies = (
			);
			name = MotionSickness;
			productName = MotionSickness;
			productReference = B69D0E301A9231FC00FD91C4 /* MotionSickness.app */;
			productType = "com.apple.product-type.application";
		};
		B69D0E441A9231FD00FD91C4 /* MotionSicknessTests */ = {
			isa = PBXNativeTarget;
			buildConfigurationList = B69D0E521A9231FD00FD91C4 /* Build configuration list for PBXNativeTarget "MotionSicknessTests" */;
			buildPhases = (
				B69D0E411A9231FD00FD91C4 /* Sources */,
				B69D0E421A9231FD00FD91C4 /* Frameworks */,
				B69D0E431A9231FD00FD91C4 /* Resources */,
			);
			buildRules = (
			);
			dependencies = (
				B69D0E471A9231FD00FD91C4 /* PBXTargetDependency */,
			);
			name = MotionSicknessTests;
			productName = MotionSicknessTests;
			productReference = B69D0E451A9231FD00FD91C4 /* MotionSicknessTests.xctest */;
			productType = "com.apple.product-type.bundle.unit-test";
		};
/* End PBXNativeTarget section */

/* Begin PBXProject section */
		B69D0E281A9231FC00FD91C4 /* Project object */ = {
			isa = PBXProject;
			attributes = {
				LastUpgradeCheck = 0610;
				ORGANIZATIONNAME = "Bobby Towers";
				TargetAttributes = {
					B69D0E2F1A9231FC00FD91C4 = {
						CreatedOnToolsVersion = 6.1.1;
					};
					B69D0E441A9231FD00FD91C4 = {
						CreatedOnToolsVersion = 6.1.1;
						TestTargetID = B69D0E2F1A9231FC00FD91C4;
					};
				};
			};
			buildConfigurationList = B69D0E2B1A9231FC00FD91C4 /* Build configuration list for PBXProject "MotionSickness" */;
			compatibilityVersion = "Xcode 3.2";
			developmentRegion = English;
			hasScannedForEncodings = 0;
			knownRegions = (
				en,
				Base,
			);
			mainGroup = B69D0E271A9231FC00FD91C4;
			productRefGroup = B69D0E311A9231FC00FD91C4 /* Products */;
			projectDirPath = "";
			projectRoot = "";
			targets = (
				B69D0E2F1A9231FC00FD91C4 /* MotionSickness */,
				B69D0E441A9231FD00FD91C4 /* MotionSicknessTests */,
			);
		};
/* End PBXProject section */

/* Begin PBXResourcesBuildPhase section */
		B69D0E2E1A9231FC00FD91C4 /* Resources */ = {
			isa = PBXResourcesBuildPhase;
			buildActionMask = 2147483647;
			files = (
				B69D0E401A9231FD00FD91C4 /* LaunchScreen.xib in Resources */,
				B69D0E3D1A9231FD00FD91C4 /* Images.xcassets in Resources */,
				B69D0E561A92325400FD91C4 /* Main.storyboard in Resources */,
			);
			runOnlyForDeploymentPostprocessing = 0;
		};
		B69D0E431A9231FD00FD91C4 /* Resources */ = {
			isa = PBXResourcesBuildPhase;
			buildActionMask = 2147483647;
			files = (
			);
			runOnlyForDeploymentPostprocessing = 0;
		};
/* End PBXResourcesBuildPhase section */

/* Begin PBXSourcesBuildPhase section */
		B69D0E2C1A9231FC00FD91C4 /* Sources */ = {
			isa = PBXSourcesBuildPhase;
			buildActionMask = 2147483647;
			files = (
				B69D0E361A9231FC00FD91C4 /* AppDelegate.swift in Sources */,
				B69D0E581A9232DE00FD91C4 /* TableViewController.swift in Sources */,
				B69D0E5A1A924B6F00FD91C4 /* DeltaView.swift in Sources */,
			);
			runOnlyForDeploymentPostprocessing = 0;
		};
		B69D0E411A9231FD00FD91C4 /* Sources */ = {
			isa = PBXSourcesBuildPhase;
			buildActionMask = 2147483647;
			files = (
				B69D0E4C1A9231FD00FD91C4 /* MotionSicknessTests.swift in Sources */,
			);
			runOnlyForDeploymentPostprocessing = 0;
		};
/* End PBXSourcesBuildPhase section */

/* Begin PBXTargetDependency section */
		B69D0E471A9231FD00FD91C4 /* PBXTargetDependency */ = {
			isa = PBXTargetDependency;
			target = B69D0E2F1A9231FC00FD91C4 /* MotionSickness */;
			targetProxy = B69D0E461A9231FD00FD91C4 /* PBXContainerItemProxy */;
		};
/* End PBXTargetDependency section */

/* Begin PBXVariantGroup section */
		B69D0E3E1A9231FD00FD91C4 /* LaunchScreen.xib */ = {
			isa = PBXVariantGroup;
			children = (
				B69D0E3F1A9231FD00FD91C4 /* Base */,
			);
			name = LaunchScreen.xib;
			sourceTree = "<group>";
		};
/* End PBXVariantGroup section */

/* Begin XCBuildConfiguration section */
		B69D0E4D1A9231FD00FD91C4 /* Debug */ = {
			isa = XCBuildConfiguration;
			buildSettings = {
				ALWAYS_SEARCH_USER_PATHS = NO;
				CLANG_CXX_LANGUAGE_STANDARD = "gnu++0x";
				CLANG_CXX_LIBRARY = "libc++";
				CLANG_ENABLE_MODULES = YES;
				CLANG_ENABLE_OBJC_ARC = YES;
				CLANG_WARN_BOOL_CONVERSION = YES;
				CLANG_WARN_CONSTANT_CONVERSION = YES;
				CLANG_WARN_DIRECT_OBJC_ISA_USAGE = YES_ERROR;
				CLANG_WARN_EMPTY_BODY = YES;
				CLANG_WARN_ENUM_CONVERSION = YES;
				CLANG_WARN_INT_CONVERSION = YES;
				CLANG_WARN_OBJC_ROOT_CLASS = YES_ERROR;
				CLANG_WARN_UNREACHABLE_CODE = YES;
				CLANG_WARN__DUPLICATE_METHOD_MATCH = YES;
				"CODE_SIGN_IDENTITY[sdk=iphoneos*]" = "iPhone Developer";
				COPY_PHASE_STRIP = NO;
				ENABLE_STRICT_OBJC_MSGSEND = YES;
				GCC_C_LANGUAGE_STANDARD = gnu99;
				GCC_DYNAMIC_NO_PIC = NO;
				GCC_OPTIMIZATION_LEVEL = 0;
				GCC_PREPROCESSOR_DEFINITIONS = (
					"DEBUG=1",
					"$(inherited)",
				);
				GCC_SYMBOLS_PRIVATE_EXTERN = NO;
				GCC_WARN_64_TO_32_BIT_CONVERSION = YES;
				GCC_WARN_ABOUT_RETURN_TYPE = YES_ERROR;
				GCC_WARN_UNDECLARED_SELECTOR = YES;
				GCC_WARN_UNINITIALIZED_AUTOS = YES_AGGRESSIVE;
				GCC_WARN_UNUSED_FUNCTION = YES;
				GCC_WARN_UNUSED_VARIABLE = YES;
				IPHONEOS_DEPLOYMENT_TARGET = 8.1;
				MTL_ENABLE_DEBUG_INFO = YES;
				ONLY_ACTIVE_ARCH = YES;
				SDKROOT = iphoneos;
				SWIFT_OPTIMIZATION_LEVEL = "-Onone";
			};
			name = Debug;
		};
		B69D0E4E1A9231FD00FD91C4 /* Release */ = {
			isa = XCBuildConfiguration;
			buildSettings = {
				ALWAYS_SEARCH_USER_PATHS = NO;
				CLANG_CXX_LANGUAGE_STANDARD = "gnu++0x";
				CLANG_CXX_LIBRARY = "libc++";
				CLANG_ENABLE_MODULES = YES;
				CLANG_ENABLE_OBJC_ARC = YES;
				CLANG_WARN_BOOL_CONVERSION = YES;
				CLANG_WARN_CONSTANT_CONVERSION = YES;
				CLANG_WARN_DIRECT_OBJC_ISA_USAGE = YES_ERROR;
				CLANG_WARN_EMPTY_BODY = YES;
				CLANG_WARN_ENUM_CONVERSION = YES;
				CLANG_WARN_INT_CONVERSION = YES;
				CLANG_WARN_OBJC_ROOT_CLASS = YES_ERROR;
				CLANG_WARN_UNREACHABLE_CODE = YES;
				CLANG_WARN__DUPLICATE_METHOD_MATCH = YES;
				"CODE_SIGN_IDENTITY[sdk=iphoneos*]" = "iPhone Developer";
				COPY_PHASE_STRIP = YES;
				ENABLE_NS_ASSERTIONS = NO;
				ENABLE_STRICT_OBJC_MSGSEND = YES;
				GCC_C_LANGUAGE_STANDARD = gnu99;
				GCC_WARN_64_TO_32_BIT_CONVERSION = YES;
				GCC_WARN_ABOUT_RETURN_TYPE = YES_ERROR;
				GCC_WARN_UNDECLARED_SELECTOR = YES;
				GCC_WARN_UNINITIALIZED_AUTOS = YES_AGGRESSIVE;
				GCC_WARN_UNUSED_FUNCTION = YES;
				GCC_WARN_UNUSED_VARIABLE = YES;
				IPHONEOS_DEPLOYMENT_TARGET = 8.1;
				MTL_ENABLE_DEBUG_INFO = NO;
				SDKROOT = iphoneos;
				VALIDATE_PRODUCT = YES;
			};
			name = Release;
		};
		B69D0E501A9231FD00FD91C4 /* Debug */ = {
			isa = XCBuildConfiguration;
			buildSettings = {
				ASSETCATALOG_COMPILER_APPICON_NAME = AppIcon;
				INFOPLIST_FILE = MotionSickness/Info.plist;
				LD_RUNPATH_SEARCH_PATHS = "$(inherited) @executable_path/Frameworks";
				PRODUCT_NAME = "$(TARGET_NAME)";
			};
			name = Debug;
		};
		B69D0E511A9231FD00FD91C4 /* Release */ = {
			isa = XCBuildConfiguration;
			buildSettings = {
				ASSETCATALOG_COMPILER_APPICON_NAME = AppIcon;
				INFOPLIST_FILE = MotionSickness/Info.plist;
				LD_RUNPATH_SEARCH_PATHS = "$(inherited) @executable_path/Frameworks";
				PRODUCT_NAME = "$(TARGET_NAME)";
			};
			name = Release;
		};
		B69D0E531A9231FD00FD91C4 /* Debug */ = {
			isa = XCBuildConfiguration;
			buildSettings = {
				BUNDLE_LOADER = "$(TEST_HOST)";
				FRAMEWORK_SEARCH_PATHS = (
					"$(SDKROOT)/Developer/Library/Frameworks",
					"$(inherited)",
				);
				GCC_PREPROCESSOR_DEFINITIONS = (
					"DEBUG=1",
					"$(inherited)",
				);
				INFOPLIST_FILE = MotionSicknessTests/Info.plist;
				LD_RUNPATH_SEARCH_PATHS = "$(inherited) @executable_path/Frameworks @loader_path/Frameworks";
				PRODUCT_NAME = "$(TARGET_NAME)";
				TEST_HOST = "$(BUILT_PRODUCTS_DIR)/MotionSickness.app/MotionSickness";
			};
			name = Debug;
		};
		B69D0E541A9231FD00FD91C4 /* Release */ = {
			isa = XCBuildConfiguration;
			buildSettings = {
				BUNDLE_LOADER = "$(TEST_HOST)";
				FRAMEWORK_SEARCH_PATHS = (
					"$(SDKROOT)/Developer/Library/Frameworks",
					"$(inherited)",
				);
				INFOPLIST_FILE = MotionSicknessTests/Info.plist;
				LD_RUNPATH_SEARCH_PATHS = "$(inherited) @executable_path/Frameworks @loader_path/Frameworks";
				PRODUCT_NAME = "$(TARGET_NAME)";
				TEST_HOST = "$(BUILT_PRODUCTS_DIR)/MotionSickness.app/MotionSickness";
			};
			name = Release;
		};
/* End XCBuildConfiguration section */

/* Begin XCConfigurationList section */
		B69D0E2B1A9231FC00FD91C4 /* Build configuration list for PBXProject "MotionSickness" */ = {
			isa = XCConfigurationList;
			buildConfigurations = (
				B69D0E4D1A9231FD00FD91C4 /* Debug */,
				B69D0E4E1A9231FD00FD91C4 /* Release */,
			);
			defaultConfigurationIsVisible = 0;
			defaultConfigurationName = Release;
		};
		B69D0E4F1A9231FD00FD91C4 /* Build configuration list for PBXNativeTarget "MotionSickness" */ = {
			isa = XCConfigurationList;
			buildConfigurations = (
				B69D0E501A9231FD00FD91C4 /* Debug */,
				B69D0E511A9231FD00FD91C4 /* Release */,
			);
			defaultConfigurationIsVisible = 0;
		};
		B69D0E521A9231FD00FD91C4 /* Build configuration list for PBXNativeTarget "MotionSicknessTests" */ = {
			isa = XCConfigurationList;
			buildConfigurations = (
				B69D0E531A9231FD00FD91C4 /* Debug */,
				B69D0E541A9231FD00FD91C4 /* Release */,
			);
			defaultConfigurationIsVisible = 0;
		};
/* End XCConfigurationList section */
	};
	rootObject = B69D0E281A9231FC00FD91C4 /* Project object */;
}
