// !$*UTF8*$!
{
	archiveVersion = 1;
	classes = {
	};
	objectVersion = 46;
	objects = {

/* Begin PBXBuildFile section */
		B66659EE1A9CC000000A37A4 /* AppDelegate.swift in Sources */ = {isa = PBXBuildFile; fileRef = B66659ED1A9CC000000A37A4 /* AppDelegate.swift */; };
		B66659F11A9CC000000A37A4 /* CoreList.xcdatamodeld in Sources */ = {isa = PBXBuildFile; fileRef = B66659EF1A9CC000000A37A4 /* CoreList.xcdatamodeld */; };
		B66659F31A9CC000000A37A4 /* ViewController.swift in Sources */ = {isa = PBXBuildFile; fileRef = B66659F21A9CC000000A37A4 /* ViewController.swift */; };
		B66659F61A9CC000000A37A4 /* Main.storyboard in Resources */ = {isa = PBXBuildFile; fileRef = B66659F41A9CC000000A37A4 /* Main.storyboard */; };
		B66659F81A9CC000000A37A4 /* Images.xcassets in Resources */ = {isa = PBXBuildFile; fileRef = B66659F71A9CC000000A37A4 /* Images.xcassets */; };
		B66659FB1A9CC000000A37A4 /* LaunchScreen.xib in Resources */ = {isa = PBXBuildFile; fileRef = B66659F91A9CC000000A37A4 /* LaunchScreen.xib */; };
		B6665A071A9CC000000A37A4 /* CoreListTests.swift in Sources */ = {isa = PBXBuildFile; fileRef = B6665A061A9CC000000A37A4 /* CoreListTests.swift */; };
		B6665A111A9CD3AB000A37A4 /* TableViewController.swift in Sources */ = {isa = PBXBuildFile; fileRef = B6665A101A9CD3AB000A37A4 /* TableViewController.swift */; };
/* End PBXBuildFile section */

/* Begin PBXContainerItemProxy section */
		B6665A011A9CC000000A37A4 /* PBXContainerItemProxy */ = {
			isa = PBXContainerItemProxy;
			containerPortal = B66659E01A9CBFFF000A37A4 /* Project object */;
			proxyType = 1;
			remoteGlobalIDString = B66659E71A9CBFFF000A37A4;
			remoteInfo = CoreList;
		};
/* End PBXContainerItemProxy section */

/* Begin PBXFileReference section */
		B66659E81A9CC000000A37A4 /* CoreList.app */ = {isa = PBXFileReference; explicitFileType = wrapper.application; includeInIndex = 0; path = CoreList.app; sourceTree = BUILT_PRODUCTS_DIR; };
		B66659EC1A9CC000000A37A4 /* Info.plist */ = {isa = PBXFileReference; lastKnownFileType = text.plist.xml; path = Info.plist; sourceTree = "<group>"; };
		B66659ED1A9CC000000A37A4 /* AppDelegate.swift */ = {isa = PBXFileReference; lastKnownFileType = sourcecode.swift; path = AppDelegate.swift; sourceTree = "<group>"; };
		B66659F01A9CC000000A37A4 /* CoreList.xcdatamodel */ = {isa = PBXFileReference; lastKnownFileType = wrapper.xcdatamodel; path = CoreList.xcdatamodel; sourceTree = "<group>"; };
		B66659F21A9CC000000A37A4 /* ViewController.swift */ = {isa = PBXFileReference; lastKnownFileType = sourcecode.swift; path = ViewController.swift; sourceTree = "<group>"; };
		B66659F51A9CC000000A37A4 /* Base */ = {isa = PBXFileReference; lastKnownFileType = file.storyboard; name = Base; path = Base.lproj/Main.storyboard; sourceTree = "<group>"; };
		B66659F71A9CC000000A37A4 /* Images.xcassets */ = {isa = PBXFileReference; lastKnownFileType = folder.assetcatalog; path = Images.xcassets; sourceTree = "<group>"; };
		B66659FA1A9CC000000A37A4 /* Base */ = {isa = PBXFileReference; lastKnownFileType = file.xib; name = Base; path = Base.lproj/LaunchScreen.xib; sourceTree = "<group>"; };
		B6665A001A9CC000000A37A4 /* CoreListTests.xctest */ = {isa = PBXFileReference; explicitFileType = wrapper.cfbundle; includeInIndex = 0; path = CoreListTests.xctest; sourceTree = BUILT_PRODUCTS_DIR; };
		B6665A051A9CC000000A37A4 /* Info.plist */ = {isa = PBXFileReference; lastKnownFileType = text.plist.xml; path = Info.plist; sourceTree = "<group>"; };
		B6665A061A9CC000000A37A4 /* CoreListTests.swift */ = {isa = PBXFileReference; lastKnownFileType = sourcecode.swift; path = CoreListTests.swift; sourceTree = "<group>"; };
		B6665A101A9CD3AB000A37A4 /* TableViewController.swift */ = {isa = PBXFileReference; fileEncoding = 4; lastKnownFileType = sourcecode.swift; path = TableViewController.swift; sourceTree = "<group>"; };
/* End PBXFileReference section */

/* Begin PBXFrameworksBuildPhase section */
		B66659E51A9CBFFF000A37A4 /* Frameworks */ = {
			isa = PBXFrameworksBuildPhase;
			buildActionMask = 2147483647;
			files = (
			);
			runOnlyForDeploymentPostprocessing = 0;
		};
		B66659FD1A9CC000000A37A4 /* Frameworks */ = {
			isa = PBXFrameworksBuildPhase;
			buildActionMask = 2147483647;
			files = (
			);
			runOnlyForDeploymentPostprocessing = 0;
		};
/* End PBXFrameworksBuildPhase section */

/* Begin PBXGroup section */
		B66659DF1A9CBFFF000A37A4 = {
			isa = PBXGroup;
			children = (
				B66659EA1A9CC000000A37A4 /* CoreList */,
				B6665A031A9CC000000A37A4 /* CoreListTests */,
				B66659E91A9CC000000A37A4 /* Products */,
			);
			sourceTree = "<group>";
		};
		B66659E91A9CC000000A37A4 /* Products */ = {
			isa = PBXGroup;
			children = (
				B66659E81A9CC000000A37A4 /* CoreList.app */,
				B6665A001A9CC000000A37A4 /* CoreListTests.xctest */,
			);
			name = Products;
			sourceTree = "<group>";
		};
		B66659EA1A9CC000000A37A4 /* CoreList */ = {
			isa = PBXGroup;
			children = (
				B66659ED1A9CC000000A37A4 /* AppDelegate.swift */,
				B66659F21A9CC000000A37A4 /* ViewController.swift */,
				B6665A101A9CD3AB000A37A4 /* TableViewController.swift */,
				B66659F41A9CC000000A37A4 /* Main.storyboard */,
				B66659F71A9CC000000A37A4 /* Images.xcassets */,
				B66659F91A9CC000000A37A4 /* LaunchScreen.xib */,
				B66659EF1A9CC000000A37A4 /* CoreList.xcdatamodeld */,
				B66659EB1A9CC000000A37A4 /* Supporting Files */,
			);
			path = CoreList;
			sourceTree = "<group>";
		};
		B66659EB1A9CC000000A37A4 /* Supporting Files */ = {
			isa = PBXGroup;
			children = (
				B66659EC1A9CC000000A37A4 /* Info.plist */,
			);
			name = "Supporting Files";
			sourceTree = "<group>";
		};
		B6665A031A9CC000000A37A4 /* CoreListTests */ = {
			isa = PBXGroup;
			children = (
				B6665A061A9CC000000A37A4 /* CoreListTests.swift */,
				B6665A041A9CC000000A37A4 /* Supporting Files */,
			);
			path = CoreListTests;
			sourceTree = "<group>";
		};
		B6665A041A9CC000000A37A4 /* Supporting Files */ = {
			isa = PBXGroup;
			children = (
				B6665A051A9CC000000A37A4 /* Info.plist */,
			);
			name = "Supporting Files";
			sourceTree = "<group>";
		};
/* End PBXGroup section */

/* Begin PBXNativeTarget section */
		B66659E71A9CBFFF000A37A4 /* CoreList */ = {
			isa = PBXNativeTarget;
			buildConfigurationList = B6665A0A1A9CC000000A37A4 /* Build configuration list for PBXNativeTarget "CoreList" */;
			buildPhases = (
				B66659E41A9CBFFF000A37A4 /* Sources */,
				B66659E51A9CBFFF000A37A4 /* Frameworks */,
				B66659E61A9CBFFF000A37A4 /* Resources */,
			);
			buildRules = (
			);
			dependencies = (
			);
			name = CoreList;
			productName = CoreList;
			productReference = B66659E81A9CC000000A37A4 /* CoreList.app */;
			productType = "com.apple.product-type.application";
		};
		B66659FF1A9CC000000A37A4 /* CoreListTests */ = {
			isa = PBXNativeTarget;
			buildConfigurationList = B6665A0D1A9CC000000A37A4 /* Build configuration list for PBXNativeTarget "CoreListTests" */;
			buildPhases = (
				B66659FC1A9CC000000A37A4 /* Sources */,
				B66659FD1A9CC000000A37A4 /* Frameworks */,
				B66659FE1A9CC000000A37A4 /* Resources */,
			);
			buildRules = (
			);
			dependencies = (
				B6665A021A9CC000000A37A4 /* PBXTargetDependency */,
			);
			name = CoreListTests;
			productName = CoreListTests;
			productReference = B6665A001A9CC000000A37A4 /* CoreListTests.xctest */;
			productType = "com.apple.product-type.bundle.unit-test";
		};
/* End PBXNativeTarget section */

/* Begin PBXProject section */
		B66659E01A9CBFFF000A37A4 /* Project object */ = {
			isa = PBXProject;
			attributes = {
				LastUpgradeCheck = 0610;
				ORGANIZATIONNAME = "Bobby Towers";
				TargetAttributes = {
					B66659E71A9CBFFF000A37A4 = {
						CreatedOnToolsVersion = 6.1.1;
					};
					B66659FF1A9CC000000A37A4 = {
						CreatedOnToolsVersion = 6.1.1;
						TestTargetID = B66659E71A9CBFFF000A37A4;
					};
				};
			};
			buildConfigurationList = B66659E31A9CBFFF000A37A4 /* Build configuration list for PBXProject "CoreList" */;
			compatibilityVersion = "Xcode 3.2";
			developmentRegion = English;
			hasScannedForEncodings = 0;
			knownRegions = (
				en,
				Base,
			);
			mainGroup = B66659DF1A9CBFFF000A37A4;
			productRefGroup = B66659E91A9CC000000A37A4 /* Products */;
			projectDirPath = "";
			projectRoot = "";
			targets = (
				B66659E71A9CBFFF000A37A4 /* CoreList */,
				B66659FF1A9CC000000A37A4 /* CoreListTests */,
			);
		};
/* End PBXProject section */

/* Begin PBXResourcesBuildPhase section */
		B66659E61A9CBFFF000A37A4 /* Resources */ = {
			isa = PBXResourcesBuildPhase;
			buildActionMask = 2147483647;
			files = (
				B66659F61A9CC000000A37A4 /* Main.storyboard in Resources */,
				B66659FB1A9CC000000A37A4 /* LaunchScreen.xib in Resources */,
				B66659F81A9CC000000A37A4 /* Images.xcassets in Resources */,
			);
			runOnlyForDeploymentPostprocessing = 0;
		};
		B66659FE1A9CC000000A37A4 /* Resources */ = {
			isa = PBXResourcesBuildPhase;
			buildActionMask = 2147483647;
			files = (
			);
			runOnlyForDeploymentPostprocessing = 0;
		};
/* End PBXResourcesBuildPhase section */

/* Begin PBXSourcesBuildPhase section */
		B66659E41A9CBFFF000A37A4 /* Sources */ = {
			isa = PBXSourcesBuildPhase;
			buildActionMask = 2147483647;
			files = (
				B66659F31A9CC000000A37A4 /* ViewController.swift in Sources */,
				B66659F11A9CC000000A37A4 /* CoreList.xcdatamodeld in Sources */,
				B66659EE1A9CC000000A37A4 /* AppDelegate.swift in Sources */,
				B6665A111A9CD3AB000A37A4 /* TableViewController.swift in Sources */,
			);
			runOnlyForDeploymentPostprocessing = 0;
		};
		B66659FC1A9CC000000A37A4 /* Sources */ = {
			isa = PBXSourcesBuildPhase;
			buildActionMask = 2147483647;
			files = (
				B6665A071A9CC000000A37A4 /* CoreListTests.swift in Sources */,
			);
			runOnlyForDeploymentPostprocessing = 0;
		};
/* End PBXSourcesBuildPhase section */

/* Begin PBXTargetDependency section */
		B6665A021A9CC000000A37A4 /* PBXTargetDependency */ = {
			isa = PBXTargetDependency;
			target = B66659E71A9CBFFF000A37A4 /* CoreList */;
			targetProxy = B6665A011A9CC000000A37A4 /* PBXContainerItemProxy */;
		};
/* End PBXTargetDependency section */

/* Begin PBXVariantGroup section */
		B66659F41A9CC000000A37A4 /* Main.storyboard */ = {
			isa = PBXVariantGroup;
			children = (
				B66659F51A9CC000000A37A4 /* Base */,
			);
			name = Main.storyboard;
			sourceTree = "<group>";
		};
		B66659F91A9CC000000A37A4 /* LaunchScreen.xib */ = {
			isa = PBXVariantGroup;
			children = (
				B66659FA1A9CC000000A37A4 /* Base */,
			);
			name = LaunchScreen.xib;
			sourceTree = "<group>";
		};
/* End PBXVariantGroup section */

/* Begin XCBuildConfiguration section */
		B6665A081A9CC000000A37A4 /* Debug */ = {
			isa = XCBuildConfiguration;
			buildSettings = {
				ALWAYS_SEARCH_USER_PATHS = NO;
				CLANG_CXX_LANGUAGE_STANDARD = "gnu++0x";
				CLANG_CXX_LIBRARY = "libc++";
				CLANG_ENABLE_MODULES = YES;
				CLANG_ENABLE_OBJC_ARC = YES;
				CLANG_WARN_BOOL_CONVERSION = YES;
				CLANG_WARN_CONSTANT_CONVERSION = YES;
				CLANG_WARN_DIRECT_OBJC_ISA_USAGE = YES_ERROR;
				CLANG_WARN_EMPTY_BODY = YES;
				CLANG_WARN_ENUM_CONVERSION = YES;
				CLANG_WARN_INT_CONVERSION = YES;
				CLANG_WARN_OBJC_ROOT_CLASS = YES_ERROR;
				CLANG_WARN_UNREACHABLE_CODE = YES;
				CLANG_WARN__DUPLICATE_METHOD_MATCH = YES;
				"CODE_SIGN_IDENTITY[sdk=iphoneos*]" = "iPhone Developer";
				COPY_PHASE_STRIP = NO;
				ENABLE_STRICT_OBJC_MSGSEND = YES;
				GCC_C_LANGUAGE_STANDARD = gnu99;
				GCC_DYNAMIC_NO_PIC = NO;
				GCC_OPTIMIZATION_LEVEL = 0;
				GCC_PREPROCESSOR_DEFINITIONS = (
					"DEBUG=1",
					"$(inherited)",
				);
				GCC_SYMBOLS_PRIVATE_EXTERN = NO;
				GCC_WARN_64_TO_32_BIT_CONVERSION = YES;
				GCC_WARN_ABOUT_RETURN_TYPE = YES_ERROR;
				GCC_WARN_UNDECLARED_SELECTOR = YES;
				GCC_WARN_UNINITIALIZED_AUTOS = YES_AGGRESSIVE;
				GCC_WARN_UNUSED_FUNCTION = YES;
				GCC_WARN_UNUSED_VARIABLE = YES;
				IPHONEOS_DEPLOYMENT_TARGET = 8.1;
				MTL_ENABLE_DEBUG_INFO = YES;
				ONLY_ACTIVE_ARCH = YES;
				SDKROOT = iphoneos;
				SWIFT_OPTIMIZATION_LEVEL = "-Onone";
			};
			name = Debug;
		};
		B6665A091A9CC000000A37A4 /* Release */ = {
			isa = XCBuildConfiguration;
			buildSettings = {
				ALWAYS_SEARCH_USER_PATHS = NO;
				CLANG_CXX_LANGUAGE_STANDARD = "gnu++0x";
				CLANG_CXX_LIBRARY = "libc++";
				CLANG_ENABLE_MODULES = YES;
				CLANG_ENABLE_OBJC_ARC = YES;
				CLANG_WARN_BOOL_CONVERSION = YES;
				CLANG_WARN_CONSTANT_CONVERSION = YES;
				CLANG_WARN_DIRECT_OBJC_ISA_USAGE = YES_ERROR;
				CLANG_WARN_EMPTY_BODY = YES;
				CLANG_WARN_ENUM_CONVERSION = YES;
				CLANG_WARN_INT_CONVERSION = YES;
				CLANG_WARN_OBJC_ROOT_CLASS = YES_ERROR;
				CLANG_WARN_UNREACHABLE_CODE = YES;
				CLANG_WARN__DUPLICATE_METHOD_MATCH = YES;
				"CODE_SIGN_IDENTITY[sdk=iphoneos*]" = "iPhone Developer";
				COPY_PHASE_STRIP = YES;
				ENABLE_NS_ASSERTIONS = NO;
				ENABLE_STRICT_OBJC_MSGSEND = YES;
				GCC_C_LANGUAGE_STANDARD = gnu99;
				GCC_WARN_64_TO_32_BIT_CONVERSION = YES;
				GCC_WARN_ABOUT_RETURN_TYPE = YES_ERROR;
				GCC_WARN_UNDECLARED_SELECTOR = YES;
				GCC_WARN_UNINITIALIZED_AUTOS = YES_AGGRESSIVE;
				GCC_WARN_UNUSED_FUNCTION = YES;
				GCC_WARN_UNUSED_VARIABLE = YES;
				IPHONEOS_DEPLOYMENT_TARGET = 8.1;
				MTL_ENABLE_DEBUG_INFO = NO;
				SDKROOT = iphoneos;
				VALIDATE_PRODUCT = YES;
			};
			name = Release;
		};
		B6665A0B1A9CC000000A37A4 /* Debug */ = {
			isa = XCBuildConfiguration;
			buildSettings = {
				ASSETCATALOG_COMPILER_APPICON_NAME = AppIcon;
				INFOPLIST_FILE = CoreList/Info.plist;
				LD_RUNPATH_SEARCH_PATHS = "$(inherited) @executable_path/Frameworks";
				PRODUCT_NAME = "$(TARGET_NAME)";
			};
			name = Debug;
		};
		B6665A0C1A9CC000000A37A4 /* Release */ = {
			isa = XCBuildConfiguration;
			buildSettings = {
				ASSETCATALOG_COMPILER_APPICON_NAME = AppIcon;
				INFOPLIST_FILE = CoreList/Info.plist;
				LD_RUNPATH_SEARCH_PATHS = "$(inherited) @executable_path/Frameworks";
				PRODUCT_NAME = "$(TARGET_NAME)";
			};
			name = Release;
		};
		B6665A0E1A9CC000000A37A4 /* Debug */ = {
			isa = XCBuildConfiguration;
			buildSettings = {
				BUNDLE_LOADER = "$(TEST_HOST)";
				FRAMEWORK_SEARCH_PATHS = (
					"$(SDKROOT)/Developer/Library/Frameworks",
					"$(inherited)",
				);
				GCC_PREPROCESSOR_DEFINITIONS = (
					"DEBUG=1",
					"$(inherited)",
				);
				INFOPLIST_FILE = CoreListTests/Info.plist;
				LD_RUNPATH_SEARCH_PATHS = "$(inherited) @executable_path/Frameworks @loader_path/Frameworks";
				PRODUCT_NAME = "$(TARGET_NAME)";
				TEST_HOST = "$(BUILT_PRODUCTS_DIR)/CoreList.app/CoreList";
			};
			name = Debug;
		};
		B6665A0F1A9CC000000A37A4 /* Release */ = {
			isa = XCBuildConfiguration;
			buildSettings = {
				BUNDLE_LOADER = "$(TEST_HOST)";
				FRAMEWORK_SEARCH_PATHS = (
					"$(SDKROOT)/Developer/Library/Frameworks",
					"$(inherited)",
				);
				INFOPLIST_FILE = CoreListTests/Info.plist;
				LD_RUNPATH_SEARCH_PATHS = "$(inherited) @executable_path/Frameworks @loader_path/Frameworks";
				PRODUCT_NAME = "$(TARGET_NAME)";
				TEST_HOST = "$(BUILT_PRODUCTS_DIR)/CoreList.app/CoreList";
			};
			name = Release;
		};
/* End XCBuildConfiguration section */

/* Begin XCConfigurationList section */
		B66659E31A9CBFFF000A37A4 /* Build configuration list for PBXProject "CoreList" */ = {
			isa = XCConfigurationList;
			buildConfigurations = (
				B6665A081A9CC000000A37A4 /* Debug */,
				B6665A091A9CC000000A37A4 /* Release */,
			);
			defaultConfigurationIsVisible = 0;
			defaultConfigurationName = Release;
		};
		B6665A0A1A9CC000000A37A4 /* Build configuration list for PBXNativeTarget "CoreList" */ = {
			isa = XCConfigurationList;
			buildConfigurations = (
				B6665A0B1A9CC000000A37A4 /* Debug */,
				B6665A0C1A9CC000000A37A4 /* Release */,
			);
			defaultConfigurationIsVisible = 0;
		};
		B6665A0D1A9CC000000A37A4 /* Build configuration list for PBXNativeTarget "CoreListTests" */ = {
			isa = XCConfigurationList;
			buildConfigurations = (
				B6665A0E1A9CC000000A37A4 /* Debug */,
				B6665A0F1A9CC000000A37A4 /* Release */,
			);
			defaultConfigurationIsVisible = 0;
		};
/* End XCConfigurationList section */

/* Begin XCVersionGroup section */
		B66659EF1A9CC000000A37A4 /* CoreList.xcdatamodeld */ = {
			isa = XCVersionGroup;
			children = (
				B66659F01A9CC000000A37A4 /* CoreList.xcdatamodel */,
			);
			currentVersion = B66659F01A9CC000000A37A4 /* CoreList.xcdatamodel */;
			path = CoreList.xcdatamodeld;
			sourceTree = "<group>";
			versionGroupType = wrapper.xcdatamodel;
		};
/* End XCVersionGroup section */
	};
	rootObject = B66659E01A9CBFFF000A37A4 /* Project object */;
}
