// !$*UTF8*$!
{
	archiveVersion = 1;
	classes = {
	};
	objectVersion = 46;
	objects = {

/* Begin PBXBuildFile section */
		B67A3A9C1AAF2D4100F6D0CE /* AppDelegate.swift in Sources */ = {isa = PBXBuildFile; fileRef = B67A3A9B1AAF2D4100F6D0CE /* AppDelegate.swift */; };
		B67A3A9E1AAF2D4100F6D0CE /* ViewController.swift in Sources */ = {isa = PBXBuildFile; fileRef = B67A3A9D1AAF2D4100F6D0CE /* ViewController.swift */; };
		B67A3AA11AAF2D4100F6D0CE /* Main.storyboard in Resources */ = {isa = PBXBuildFile; fileRef = B67A3A9F1AAF2D4100F6D0CE /* Main.storyboard */; };
		B67A3AA31AAF2D4100F6D0CE /* Images.xcassets in Resources */ = {isa = PBXBuildFile; fileRef = B67A3AA21AAF2D4100F6D0CE /* Images.xcassets */; };
		B67A3AA61AAF2D4100F6D0CE /* LaunchScreen.xib in Resources */ = {isa = PBXBuildFile; fileRef = B67A3AA41AAF2D4100F6D0CE /* LaunchScreen.xib */; };
		B67A3AB21AAF2D4100F6D0CE /* ScrollsTests.swift in Sources */ = {isa = PBXBuildFile; fileRef = B67A3AB11AAF2D4100F6D0CE /* ScrollsTests.swift */; };
/* End PBXBuildFile section */

/* Begin PBXContainerItemProxy section */
		B67A3AAC1AAF2D4100F6D0CE /* PBXContainerItemProxy */ = {
			isa = PBXContainerItemProxy;
			containerPortal = B67A3A8E1AAF2D4100F6D0CE /* Project object */;
			proxyType = 1;
			remoteGlobalIDString = B67A3A951AAF2D4100F6D0CE;
			remoteInfo = Scrolls;
		};
/* End PBXContainerItemProxy section */

/* Begin PBXFileReference section */
		B67A3A961AAF2D4100F6D0CE /* Scrolls.app */ = {isa = PBXFileReference; explicitFileType = wrapper.application; includeInIndex = 0; path = Scrolls.app; sourceTree = BUILT_PRODUCTS_DIR; };
		B67A3A9A1AAF2D4100F6D0CE /* Info.plist */ = {isa = PBXFileReference; lastKnownFileType = text.plist.xml; path = Info.plist; sourceTree = "<group>"; };
		B67A3A9B1AAF2D4100F6D0CE /* AppDelegate.swift */ = {isa = PBXFileReference; lastKnownFileType = sourcecode.swift; path = AppDelegate.swift; sourceTree = "<group>"; };
		B67A3A9D1AAF2D4100F6D0CE /* ViewController.swift */ = {isa = PBXFileReference; lastKnownFileType = sourcecode.swift; path = ViewController.swift; sourceTree = "<group>"; };
		B67A3AA01AAF2D4100F6D0CE /* Base */ = {isa = PBXFileReference; lastKnownFileType = file.storyboard; name = Base; path = Base.lproj/Main.storyboard; sourceTree = "<group>"; };
		B67A3AA21AAF2D4100F6D0CE /* Images.xcassets */ = {isa = PBXFileReference; lastKnownFileType = folder.assetcatalog; path = Images.xcassets; sourceTree = "<group>"; };
		B67A3AA51AAF2D4100F6D0CE /* Base */ = {isa = PBXFileReference; lastKnownFileType = file.xib; name = Base; path = Base.lproj/LaunchScreen.xib; sourceTree = "<group>"; };
		B67A3AAB1AAF2D4100F6D0CE /* ScrollsTests.xctest */ = {isa = PBXFileReference; explicitFileType = wrapper.cfbundle; includeInIndex = 0; path = ScrollsTests.xctest; sourceTree = BUILT_PRODUCTS_DIR; };
		B67A3AB01AAF2D4100F6D0CE /* Info.plist */ = {isa = PBXFileReference; lastKnownFileType = text.plist.xml; path = Info.plist; sourceTree = "<group>"; };
		B67A3AB11AAF2D4100F6D0CE /* ScrollsTests.swift */ = {isa = PBXFileReference; lastKnownFileType = sourcecode.swift; path = ScrollsTests.swift; sourceTree = "<group>"; };
/* End PBXFileReference section */

/* Begin PBXFrameworksBuildPhase section */
		B67A3A931AAF2D4100F6D0CE /* Frameworks */ = {
			isa = PBXFrameworksBuildPhase;
			buildActionMask = 2147483647;
			files = (
			);
			runOnlyForDeploymentPostprocessing = 0;
		};
		B67A3AA81AAF2D4100F6D0CE /* Frameworks */ = {
			isa = PBXFrameworksBuildPhase;
			buildActionMask = 2147483647;
			files = (
			);
			runOnlyForDeploymentPostprocessing = 0;
		};
/* End PBXFrameworksBuildPhase section */

/* Begin PBXGroup section */
		B67A3A8D1AAF2D4100F6D0CE = {
			isa = PBXGroup;
			children = (
				B67A3A981AAF2D4100F6D0CE /* Scrolls */,
				B67A3AAE1AAF2D4100F6D0CE /* ScrollsTests */,
				B67A3A971AAF2D4100F6D0CE /* Products */,
			);
			sourceTree = "<group>";
		};
		B67A3A971AAF2D4100F6D0CE /* Products */ = {
			isa = PBXGroup;
			children = (
				B67A3A961AAF2D4100F6D0CE /* Scrolls.app */,
				B67A3AAB1AAF2D4100F6D0CE /* ScrollsTests.xctest */,
			);
			name = Products;
			sourceTree = "<group>";
		};
		B67A3A981AAF2D4100F6D0CE /* Scrolls */ = {
			isa = PBXGroup;
			children = (
				B67A3A9B1AAF2D4100F6D0CE /* AppDelegate.swift */,
				B67A3A9D1AAF2D4100F6D0CE /* ViewController.swift */,
				B67A3A9F1AAF2D4100F6D0CE /* Main.storyboard */,
				B67A3AA21AAF2D4100F6D0CE /* Images.xcassets */,
				B67A3AA41AAF2D4100F6D0CE /* LaunchScreen.xib */,
				B67A3A991AAF2D4100F6D0CE /* Supporting Files */,
			);
			path = Scrolls;
			sourceTree = "<group>";
		};
		B67A3A991AAF2D4100F6D0CE /* Supporting Files */ = {
			isa = PBXGroup;
			children = (
				B67A3A9A1AAF2D4100F6D0CE /* Info.plist */,
			);
			name = "Supporting Files";
			sourceTree = "<group>";
		};
		B67A3AAE1AAF2D4100F6D0CE /* ScrollsTests */ = {
			isa = PBXGroup;
			children = (
				B67A3AB11AAF2D4100F6D0CE /* ScrollsTests.swift */,
				B67A3AAF1AAF2D4100F6D0CE /* Supporting Files */,
			);
			path = ScrollsTests;
			sourceTree = "<group>";
		};
		B67A3AAF1AAF2D4100F6D0CE /* Supporting Files */ = {
			isa = PBXGroup;
			children = (
				B67A3AB01AAF2D4100F6D0CE /* Info.plist */,
			);
			name = "Supporting Files";
			sourceTree = "<group>";
		};
/* End PBXGroup section */

/* Begin PBXNativeTarget section */
		B67A3A951AAF2D4100F6D0CE /* Scrolls */ = {
			isa = PBXNativeTarget;
			buildConfigurationList = B67A3AB51AAF2D4100F6D0CE /* Build configuration list for PBXNativeTarget "Scrolls" */;
			buildPhases = (
				B67A3A921AAF2D4100F6D0CE /* Sources */,
				B67A3A931AAF2D4100F6D0CE /* Frameworks */,
				B67A3A941AAF2D4100F6D0CE /* Resources */,
			);
			buildRules = (
			);
			dependencies = (
			);
			name = Scrolls;
			productName = Scrolls;
			productReference = B67A3A961AAF2D4100F6D0CE /* Scrolls.app */;
			productType = "com.apple.product-type.application";
		};
		B67A3AAA1AAF2D4100F6D0CE /* ScrollsTests */ = {
			isa = PBXNativeTarget;
			buildConfigurationList = B67A3AB81AAF2D4100F6D0CE /* Build configuration list for PBXNativeTarget "ScrollsTests" */;
			buildPhases = (
				B67A3AA71AAF2D4100F6D0CE /* Sources */,
				B67A3AA81AAF2D4100F6D0CE /* Frameworks */,
				B67A3AA91AAF2D4100F6D0CE /* Resources */,
			);
			buildRules = (
			);
			dependencies = (
				B67A3AAD1AAF2D4100F6D0CE /* PBXTargetDependency */,
			);
			name = ScrollsTests;
			productName = ScrollsTests;
			productReference = B67A3AAB1AAF2D4100F6D0CE /* ScrollsTests.xctest */;
			productType = "com.apple.product-type.bundle.unit-test";
		};
/* End PBXNativeTarget section */

/* Begin PBXProject section */
		B67A3A8E1AAF2D4100F6D0CE /* Project object */ = {
			isa = PBXProject;
			attributes = {
				LastUpgradeCheck = 0610;
				ORGANIZATIONNAME = "Bobby Towers";
				TargetAttributes = {
					B67A3A951AAF2D4100F6D0CE = {
						CreatedOnToolsVersion = 6.1.1;
					};
					B67A3AAA1AAF2D4100F6D0CE = {
						CreatedOnToolsVersion = 6.1.1;
						TestTargetID = B67A3A951AAF2D4100F6D0CE;
					};
				};
			};
			buildConfigurationList = B67A3A911AAF2D4100F6D0CE /* Build configuration list for PBXProject "Scrolls" */;
			compatibilityVersion = "Xcode 3.2";
			developmentRegion = English;
			hasScannedForEncodings = 0;
			knownRegions = (
				en,
				Base,
			);
			mainGroup = B67A3A8D1AAF2D4100F6D0CE;
			productRefGroup = B67A3A971AAF2D4100F6D0CE /* Products */;
			projectDirPath = "";
			projectRoot = "";
			targets = (
				B67A3A951AAF2D4100F6D0CE /* Scrolls */,
				B67A3AAA1AAF2D4100F6D0CE /* ScrollsTests */,
			);
		};
/* End PBXProject section */

/* Begin PBXResourcesBuildPhase section */
		B67A3A941AAF2D4100F6D0CE /* Resources */ = {
			isa = PBXResourcesBuildPhase;
			buildActionMask = 2147483647;
			files = (
				B67A3AA11AAF2D4100F6D0CE /* Main.storyboard in Resources */,
				B67A3AA61AAF2D4100F6D0CE /* LaunchScreen.xib in Resources */,
				B67A3AA31AAF2D4100F6D0CE /* Images.xcassets in Resources */,
			);
			runOnlyForDeploymentPostprocessing = 0;
		};
		B67A3AA91AAF2D4100F6D0CE /* Resources */ = {
			isa = PBXResourcesBuildPhase;
			buildActionMask = 2147483647;
			files = (
			);
			runOnlyForDeploymentPostprocessing = 0;
		};
/* End PBXResourcesBuildPhase section */

/* Begin PBXSourcesBuildPhase section */
		B67A3A921AAF2D4100F6D0CE /* Sources */ = {
			isa = PBXSourcesBuildPhase;
			buildActionMask = 2147483647;
			files = (
				B67A3A9E1AAF2D4100F6D0CE /* ViewController.swift in Sources */,
				B67A3A9C1AAF2D4100F6D0CE /* AppDelegate.swift in Sources */,
			);
			runOnlyForDeploymentPostprocessing = 0;
		};
		B67A3AA71AAF2D4100F6D0CE /* Sources */ = {
			isa = PBXSourcesBuildPhase;
			buildActionMask = 2147483647;
			files = (
				B67A3AB21AAF2D4100F6D0CE /* ScrollsTests.swift in Sources */,
			);
			runOnlyForDeploymentPostprocessing = 0;
		};
/* End PBXSourcesBuildPhase section */

/* Begin PBXTargetDependency section */
		B67A3AAD1AAF2D4100F6D0CE /* PBXTargetDependency */ = {
			isa = PBXTargetDependency;
			target = B67A3A951AAF2D4100F6D0CE /* Scrolls */;
			targetProxy = B67A3AAC1AAF2D4100F6D0CE /* PBXContainerItemProxy */;
		};
/* End PBXTargetDependency section */

/* Begin PBXVariantGroup section */
		B67A3A9F1AAF2D4100F6D0CE /* Main.storyboard */ = {
			isa = PBXVariantGroup;
			children = (
				B67A3AA01AAF2D4100F6D0CE /* Base */,
			);
			name = Main.storyboard;
			sourceTree = "<group>";
		};
		B67A3AA41AAF2D4100F6D0CE /* LaunchScreen.xib */ = {
			isa = PBXVariantGroup;
			children = (
				B67A3AA51AAF2D4100F6D0CE /* Base */,
			);
			name = LaunchScreen.xib;
			sourceTree = "<group>";
		};
/* End PBXVariantGroup section */

/* Begin XCBuildConfiguration section */
		B67A3AB31AAF2D4100F6D0CE /* Debug */ = {
			isa = XCBuildConfiguration;
			buildSettings = {
				ALWAYS_SEARCH_USER_PATHS = NO;
				CLANG_CXX_LANGUAGE_STANDARD = "gnu++0x";
				CLANG_CXX_LIBRARY = "libc++";
				CLANG_ENABLE_MODULES = YES;
				CLANG_ENABLE_OBJC_ARC = YES;
				CLANG_WARN_BOOL_CONVERSION = YES;
				CLANG_WARN_CONSTANT_CONVERSION = YES;
				CLANG_WARN_DIRECT_OBJC_ISA_USAGE = YES_ERROR;
				CLANG_WARN_EMPTY_BODY = YES;
				CLANG_WARN_ENUM_CONVERSION = YES;
				CLANG_WARN_INT_CONVERSION = YES;
				CLANG_WARN_OBJC_ROOT_CLASS = YES_ERROR;
				CLANG_WARN_UNREACHABLE_CODE = YES;
				CLANG_WARN__DUPLICATE_METHOD_MATCH = YES;
				"CODE_SIGN_IDENTITY[sdk=iphoneos*]" = "iPhone Developer";
				COPY_PHASE_STRIP = NO;
				ENABLE_STRICT_OBJC_MSGSEND = YES;
				GCC_C_LANGUAGE_STANDARD = gnu99;
				GCC_DYNAMIC_NO_PIC = NO;
				GCC_OPTIMIZATION_LEVEL = 0;
				GCC_PREPROCESSOR_DEFINITIONS = (
					"DEBUG=1",
					"$(inherited)",
				);
				GCC_SYMBOLS_PRIVATE_EXTERN = NO;
				GCC_WARN_64_TO_32_BIT_CONVERSION = YES;
				GCC_WARN_ABOUT_RETURN_TYPE = YES_ERROR;
				GCC_WARN_UNDECLARED_SELECTOR = YES;
				GCC_WARN_UNINITIALIZED_AUTOS = YES_AGGRESSIVE;
				GCC_WARN_UNUSED_FUNCTION = YES;
				GCC_WARN_UNUSED_VARIABLE = YES;
				IPHONEOS_DEPLOYMENT_TARGET = 8.1;
				MTL_ENABLE_DEBUG_INFO = YES;
				ONLY_ACTIVE_ARCH = YES;
				SDKROOT = iphoneos;
				SWIFT_OPTIMIZATION_LEVEL = "-Onone";
			};
			name = Debug;
		};
		B67A3AB41AAF2D4100F6D0CE /* Release */ = {
			isa = XCBuildConfiguration;
			buildSettings = {
				ALWAYS_SEARCH_USER_PATHS = NO;
				CLANG_CXX_LANGUAGE_STANDARD = "gnu++0x";
				CLANG_CXX_LIBRARY = "libc++";
				CLANG_ENABLE_MODULES = YES;
				CLANG_ENABLE_OBJC_ARC = YES;
				CLANG_WARN_BOOL_CONVERSION = YES;
				CLANG_WARN_CONSTANT_CONVERSION = YES;
				CLANG_WARN_DIRECT_OBJC_ISA_USAGE = YES_ERROR;
				CLANG_WARN_EMPTY_BODY = YES;
				CLANG_WARN_ENUM_CONVERSION = YES;
				CLANG_WARN_INT_CONVERSION = YES;
				CLANG_WARN_OBJC_ROOT_CLASS = YES_ERROR;
				CLANG_WARN_UNREACHABLE_CODE = YES;
				CLANG_WARN__DUPLICATE_METHOD_MATCH = YES;
				"CODE_SIGN_IDENTITY[sdk=iphoneos*]" = "iPhone Developer";
				COPY_PHASE_STRIP = YES;
				ENABLE_NS_ASSERTIONS = NO;
				ENABLE_STRICT_OBJC_MSGSEND = YES;
				GCC_C_LANGUAGE_STANDARD = gnu99;
				GCC_WARN_64_TO_32_BIT_CONVERSION = YES;
				GCC_WARN_ABOUT_RETURN_TYPE = YES_ERROR;
				GCC_WARN_UNDECLARED_SELECTOR = YES;
				GCC_WARN_UNINITIALIZED_AUTOS = YES_AGGRESSIVE;
				GCC_WARN_UNUSED_FUNCTION = YES;
				GCC_WARN_UNUSED_VARIABLE = YES;
				IPHONEOS_DEPLOYMENT_TARGET = 8.1;
				MTL_ENABLE_DEBUG_INFO = NO;
				SDKROOT = iphoneos;
				VALIDATE_PRODUCT = YES;
			};
			name = Release;
		};
		B67A3AB61AAF2D4100F6D0CE /* Debug */ = {
			isa = XCBuildConfiguration;
			buildSettings = {
				ASSETCATALOG_COMPILER_APPICON_NAME = AppIcon;
				INFOPLIST_FILE = Scrolls/Info.plist;
				LD_RUNPATH_SEARCH_PATHS = "$(inherited) @executable_path/Frameworks";
				PRODUCT_NAME = "$(TARGET_NAME)";
			};
			name = Debug;
		};
		B67A3AB71AAF2D4100F6D0CE /* Release */ = {
			isa = XCBuildConfiguration;
			buildSettings = {
				ASSETCATALOG_COMPILER_APPICON_NAME = AppIcon;
				INFOPLIST_FILE = Scrolls/Info.plist;
				LD_RUNPATH_SEARCH_PATHS = "$(inherited) @executable_path/Frameworks";
				PRODUCT_NAME = "$(TARGET_NAME)";
			};
			name = Release;
		};
		B67A3AB91AAF2D4100F6D0CE /* Debug */ = {
			isa = XCBuildConfiguration;
			buildSettings = {
				BUNDLE_LOADER = "$(TEST_HOST)";
				FRAMEWORK_SEARCH_PATHS = (
					"$(SDKROOT)/Developer/Library/Frameworks",
					"$(inherited)",
				);
				GCC_PREPROCESSOR_DEFINITIONS = (
					"DEBUG=1",
					"$(inherited)",
				);
				INFOPLIST_FILE = ScrollsTests/Info.plist;
				LD_RUNPATH_SEARCH_PATHS = "$(inherited) @executable_path/Frameworks @loader_path/Frameworks";
				PRODUCT_NAME = "$(TARGET_NAME)";
				TEST_HOST = "$(BUILT_PRODUCTS_DIR)/Scrolls.app/Scrolls";
			};
			name = Debug;
		};
		B67A3ABA1AAF2D4100F6D0CE /* Release */ = {
			isa = XCBuildConfiguration;
			buildSettings = {
				BUNDLE_LOADER = "$(TEST_HOST)";
				FRAMEWORK_SEARCH_PATHS = (
					"$(SDKROOT)/Developer/Library/Frameworks",
					"$(inherited)",
				);
				INFOPLIST_FILE = ScrollsTests/Info.plist;
				LD_RUNPATH_SEARCH_PATHS = "$(inherited) @executable_path/Frameworks @loader_path/Frameworks";
				PRODUCT_NAME = "$(TARGET_NAME)";
				TEST_HOST = "$(BUILT_PRODUCTS_DIR)/Scrolls.app/Scrolls";
			};
			name = Release;
		};
/* End XCBuildConfiguration section */

/* Begin XCConfigurationList section */
		B67A3A911AAF2D4100F6D0CE /* Build configuration list for PBXProject "Scrolls" */ = {
			isa = XCConfigurationList;
			buildConfigurations = (
				B67A3AB31AAF2D4100F6D0CE /* Debug */,
				B67A3AB41AAF2D4100F6D0CE /* Release */,
			);
			defaultConfigurationIsVisible = 0;
			defaultConfigurationName = Release;
		};
		B67A3AB51AAF2D4100F6D0CE /* Build configuration list for PBXNativeTarget "Scrolls" */ = {
			isa = XCConfigurationList;
			buildConfigurations = (
				B67A3AB61AAF2D4100F6D0CE /* Debug */,
				B67A3AB71AAF2D4100F6D0CE /* Release */,
			);
			defaultConfigurationIsVisible = 0;
		};
		B67A3AB81AAF2D4100F6D0CE /* Build configuration list for PBXNativeTarget "ScrollsTests" */ = {
			isa = XCConfigurationList;
			buildConfigurations = (
				B67A3AB91AAF2D4100F6D0CE /* Debug */,
				B67A3ABA1AAF2D4100F6D0CE /* Release */,
			);
			defaultConfigurationIsVisible = 0;
		};
/* End XCConfigurationList section */
	};
	rootObject = B67A3A8E1AAF2D4100F6D0CE /* Project object */;
}
