// !$*UTF8*$!
{
	archiveVersion = 1;
	classes = {
	};
	objectVersion = 46;
	objects = {

/* Begin PBXBuildFile section */
		B60E71681A72844300AFAAB2 /* main.m in Sources */ = {isa = PBXBuildFile; fileRef = B60E71671A72844300AFAAB2 /* main.m */; };
		B60E716B1A72844300AFAAB2 /* AppDelegate.m in Sources */ = {isa = PBXBuildFile; fileRef = B60E716A1A72844300AFAAB2 /* AppDelegate.m */; };
		B60E716E1A72844300AFAAB2 /* ViewController.m in Sources */ = {isa = PBXBuildFile; fileRef = B60E716D1A72844300AFAAB2 /* ViewController.m */; };
		B60E71711A72844400AFAAB2 /* Main.storyboard in Resources */ = {isa = PBXBuildFile; fileRef = B60E716F1A72844400AFAAB2 /* Main.storyboard */; };
		B60E71731A72844400AFAAB2 /* Images.xcassets in Resources */ = {isa = PBXBuildFile; fileRef = B60E71721A72844400AFAAB2 /* Images.xcassets */; };
		B60E71761A72844400AFAAB2 /* LaunchScreen.xib in Resources */ = {isa = PBXBuildFile; fileRef = B60E71741A72844400AFAAB2 /* LaunchScreen.xib */; };
		B60E71821A72844400AFAAB2 /* MyFriendsTests.m in Sources */ = {isa = PBXBuildFile; fileRef = B60E71811A72844400AFAAB2 /* MyFriendsTests.m */; };
/* End PBXBuildFile section */

/* Begin PBXContainerItemProxy section */
		B60E717C1A72844400AFAAB2 /* PBXContainerItemProxy */ = {
			isa = PBXContainerItemProxy;
			containerPortal = B60E715A1A72844300AFAAB2 /* Project object */;
			proxyType = 1;
			remoteGlobalIDString = B60E71611A72844300AFAAB2;
			remoteInfo = MyFriends;
		};
/* End PBXContainerItemProxy section */

/* Begin PBXFileReference section */
		B60E71621A72844300AFAAB2 /* MyFriends.app */ = {isa = PBXFileReference; explicitFileType = wrapper.application; includeInIndex = 0; path = MyFriends.app; sourceTree = BUILT_PRODUCTS_DIR; };
		B60E71661A72844300AFAAB2 /* Info.plist */ = {isa = PBXFileReference; lastKnownFileType = text.plist.xml; path = Info.plist; sourceTree = "<group>"; };
		B60E71671A72844300AFAAB2 /* main.m */ = {isa = PBXFileReference; lastKnownFileType = sourcecode.c.objc; path = main.m; sourceTree = "<group>"; };
		B60E71691A72844300AFAAB2 /* AppDelegate.h */ = {isa = PBXFileReference; lastKnownFileType = sourcecode.c.h; path = AppDelegate.h; sourceTree = "<group>"; };
		B60E716A1A72844300AFAAB2 /* AppDelegate.m */ = {isa = PBXFileReference; lastKnownFileType = sourcecode.c.objc; path = AppDelegate.m; sourceTree = "<group>"; };
		B60E716C1A72844300AFAAB2 /* ViewController.h */ = {isa = PBXFileReference; lastKnownFileType = sourcecode.c.h; path = ViewController.h; sourceTree = "<group>"; };
		B60E716D1A72844300AFAAB2 /* ViewController.m */ = {isa = PBXFileReference; lastKnownFileType = sourcecode.c.objc; path = ViewController.m; sourceTree = "<group>"; };
		B60E71701A72844400AFAAB2 /* Base */ = {isa = PBXFileReference; lastKnownFileType = file.storyboard; name = Base; path = Base.lproj/Main.storyboard; sourceTree = "<group>"; };
		B60E71721A72844400AFAAB2 /* Images.xcassets */ = {isa = PBXFileReference; lastKnownFileType = folder.assetcatalog; path = Images.xcassets; sourceTree = "<group>"; };
		B60E71751A72844400AFAAB2 /* Base */ = {isa = PBXFileReference; lastKnownFileType = file.xib; name = Base; path = Base.lproj/LaunchScreen.xib; sourceTree = "<group>"; };
		B60E717B1A72844400AFAAB2 /* MyFriendsTests.xctest */ = {isa = PBXFileReference; explicitFileType = wrapper.cfbundle; includeInIndex = 0; path = MyFriendsTests.xctest; sourceTree = BUILT_PRODUCTS_DIR; };
		B60E71801A72844400AFAAB2 /* Info.plist */ = {isa = PBXFileReference; lastKnownFileType = text.plist.xml; path = Info.plist; sourceTree = "<group>"; };
		B60E71811A72844400AFAAB2 /* MyFriendsTests.m */ = {isa = PBXFileReference; lastKnownFileType = sourcecode.c.objc; path = MyFriendsTests.m; sourceTree = "<group>"; };
/* End PBXFileReference section */

/* Begin PBXFrameworksBuildPhase section */
		B60E715F1A72844300AFAAB2 /* Frameworks */ = {
			isa = PBXFrameworksBuildPhase;
			buildActionMask = 2147483647;
			files = (
			);
			runOnlyForDeploymentPostprocessing = 0;
		};
		B60E71781A72844400AFAAB2 /* Frameworks */ = {
			isa = PBXFrameworksBuildPhase;
			buildActionMask = 2147483647;
			files = (
			);
			runOnlyForDeploymentPostprocessing = 0;
		};
/* End PBXFrameworksBuildPhase section */

/* Begin PBXGroup section */
		B60E71591A72844300AFAAB2 = {
			isa = PBXGroup;
			children = (
				B60E71641A72844300AFAAB2 /* MyFriends */,
				B60E717E1A72844400AFAAB2 /* MyFriendsTests */,
				B60E71631A72844300AFAAB2 /* Products */,
			);
			sourceTree = "<group>";
		};
		B60E71631A72844300AFAAB2 /* Products */ = {
			isa = PBXGroup;
			children = (
				B60E71621A72844300AFAAB2 /* MyFriends.app */,
				B60E717B1A72844400AFAAB2 /* MyFriendsTests.xctest */,
			);
			name = Products;
			sourceTree = "<group>";
		};
		B60E71641A72844300AFAAB2 /* MyFriends */ = {
			isa = PBXGroup;
			children = (
				B60E71691A72844300AFAAB2 /* AppDelegate.h */,
				B60E716A1A72844300AFAAB2 /* AppDelegate.m */,
				B60E716C1A72844300AFAAB2 /* ViewController.h */,
				B60E716D1A72844300AFAAB2 /* ViewController.m */,
				B60E716F1A72844400AFAAB2 /* Main.storyboard */,
				B60E71721A72844400AFAAB2 /* Images.xcassets */,
				B60E71741A72844400AFAAB2 /* LaunchScreen.xib */,
				B60E71651A72844300AFAAB2 /* Supporting Files */,
			);
			path = MyFriends;
			sourceTree = "<group>";
		};
		B60E71651A72844300AFAAB2 /* Supporting Files */ = {
			isa = PBXGroup;
			children = (
				B60E71661A72844300AFAAB2 /* Info.plist */,
				B60E71671A72844300AFAAB2 /* main.m */,
			);
			name = "Supporting Files";
			sourceTree = "<group>";
		};
		B60E717E1A72844400AFAAB2 /* MyFriendsTests */ = {
			isa = PBXGroup;
			children = (
				B60E71811A72844400AFAAB2 /* MyFriendsTests.m */,
				B60E717F1A72844400AFAAB2 /* Supporting Files */,
			);
			path = MyFriendsTests;
			sourceTree = "<group>";
		};
		B60E717F1A72844400AFAAB2 /* Supporting Files */ = {
			isa = PBXGroup;
			children = (
				B60E71801A72844400AFAAB2 /* Info.plist */,
			);
			name = "Supporting Files";
			sourceTree = "<group>";
		};
/* End PBXGroup section */

/* Begin PBXNativeTarget section */
		B60E71611A72844300AFAAB2 /* MyFriends */ = {
			isa = PBXNativeTarget;
			buildConfigurationList = B60E71851A72844400AFAAB2 /* Build configuration list for PBXNativeTarget "MyFriends" */;
			buildPhases = (
				B60E715E1A72844300AFAAB2 /* Sources */,
				B60E715F1A72844300AFAAB2 /* Frameworks */,
				B60E71601A72844300AFAAB2 /* Resources */,
			);
			buildRules = (
			);
			dependencies = (
			);
			name = MyFriends;
			productName = MyFriends;
			productReference = B60E71621A72844300AFAAB2 /* MyFriends.app */;
			productType = "com.apple.product-type.application";
		};
		B60E717A1A72844400AFAAB2 /* MyFriendsTests */ = {
			isa = PBXNativeTarget;
			buildConfigurationList = B60E71881A72844400AFAAB2 /* Build configuration list for PBXNativeTarget "MyFriendsTests" */;
			buildPhases = (
				B60E71771A72844400AFAAB2 /* Sources */,
				B60E71781A72844400AFAAB2 /* Frameworks */,
				B60E71791A72844400AFAAB2 /* Resources */,
			);
			buildRules = (
			);
			dependencies = (
				B60E717D1A72844400AFAAB2 /* PBXTargetDependency */,
			);
			name = MyFriendsTests;
			productName = MyFriendsTests;
			productReference = B60E717B1A72844400AFAAB2 /* MyFriendsTests.xctest */;
			productType = "com.apple.product-type.bundle.unit-test";
		};
/* End PBXNativeTarget section */

/* Begin PBXProject section */
		B60E715A1A72844300AFAAB2 /* Project object */ = {
			isa = PBXProject;
			attributes = {
				LastUpgradeCheck = 0610;
				ORGANIZATIONNAME = "Bobby Towers";
				TargetAttributes = {
					B60E71611A72844300AFAAB2 = {
						CreatedOnToolsVersion = 6.1.1;
					};
					B60E717A1A72844400AFAAB2 = {
						CreatedOnToolsVersion = 6.1.1;
						TestTargetID = B60E71611A72844300AFAAB2;
					};
				};
			};
			buildConfigurationList = B60E715D1A72844300AFAAB2 /* Build configuration list for PBXProject "MyFriends" */;
			compatibilityVersion = "Xcode 3.2";
			developmentRegion = English;
			hasScannedForEncodings = 0;
			knownRegions = (
				en,
				Base,
			);
			mainGroup = B60E71591A72844300AFAAB2;
			productRefGroup = B60E71631A72844300AFAAB2 /* Products */;
			projectDirPath = "";
			projectRoot = "";
			targets = (
				B60E71611A72844300AFAAB2 /* MyFriends */,
				B60E717A1A72844400AFAAB2 /* MyFriendsTests */,
			);
		};
/* End PBXProject section */

/* Begin PBXResourcesBuildPhase section */
		B60E71601A72844300AFAAB2 /* Resources */ = {
			isa = PBXResourcesBuildPhase;
			buildActionMask = 2147483647;
			files = (
				B60E71711A72844400AFAAB2 /* Main.storyboard in Resources */,
				B60E71761A72844400AFAAB2 /* LaunchScreen.xib in Resources */,
				B60E71731A72844400AFAAB2 /* Images.xcassets in Resources */,
			);
			runOnlyForDeploymentPostprocessing = 0;
		};
		B60E71791A72844400AFAAB2 /* Resources */ = {
			isa = PBXResourcesBuildPhase;
			buildActionMask = 2147483647;
			files = (
			);
			runOnlyForDeploymentPostprocessing = 0;
		};
/* End PBXResourcesBuildPhase section */

/* Begin PBXSourcesBuildPhase section */
		B60E715E1A72844300AFAAB2 /* Sources */ = {
			isa = PBXSourcesBuildPhase;
			buildActionMask = 2147483647;
			files = (
				B60E716E1A72844300AFAAB2 /* ViewController.m in Sources */,
				B60E716B1A72844300AFAAB2 /* AppDelegate.m in Sources */,
				B60E71681A72844300AFAAB2 /* main.m in Sources */,
			);
			runOnlyForDeploymentPostprocessing = 0;
		};
		B60E71771A72844400AFAAB2 /* Sources */ = {
			isa = PBXSourcesBuildPhase;
			buildActionMask = 2147483647;
			files = (
				B60E71821A72844400AFAAB2 /* MyFriendsTests.m in Sources */,
			);
			runOnlyForDeploymentPostprocessing = 0;
		};
/* End PBXSourcesBuildPhase section */

/* Begin PBXTargetDependency section */
		B60E717D1A72844400AFAAB2 /* PBXTargetDependency */ = {
			isa = PBXTargetDependency;
			target = B60E71611A72844300AFAAB2 /* MyFriends */;
			targetProxy = B60E717C1A72844400AFAAB2 /* PBXContainerItemProxy */;
		};
/* End PBXTargetDependency section */

/* Begin PBXVariantGroup section */
		B60E716F1A72844400AFAAB2 /* Main.storyboard */ = {
			isa = PBXVariantGroup;
			children = (
				B60E71701A72844400AFAAB2 /* Base */,
			);
			name = Main.storyboard;
			sourceTree = "<group>";
		};
		B60E71741A72844400AFAAB2 /* LaunchScreen.xib */ = {
			isa = PBXVariantGroup;
			children = (
				B60E71751A72844400AFAAB2 /* Base */,
			);
			name = LaunchScreen.xib;
			sourceTree = "<group>";
		};
/* End PBXVariantGroup section */

/* Begin XCBuildConfiguration section */
		B60E71831A72844400AFAAB2 /* Debug */ = {
			isa = XCBuildConfiguration;
			buildSettings = {
				ALWAYS_SEARCH_USER_PATHS = NO;
				CLANG_CXX_LANGUAGE_STANDARD = "gnu++0x";
				CLANG_CXX_LIBRARY = "libc++";
				CLANG_ENABLE_MODULES = YES;
				CLANG_ENABLE_OBJC_ARC = YES;
				CLANG_WARN_BOOL_CONVERSION = YES;
				CLANG_WARN_CONSTANT_CONVERSION = YES;
				CLANG_WARN_DIRECT_OBJC_ISA_USAGE = YES_ERROR;
				CLANG_WARN_EMPTY_BODY = YES;
				CLANG_WARN_ENUM_CONVERSION = YES;
				CLANG_WARN_INT_CONVERSION = YES;
				CLANG_WARN_OBJC_ROOT_CLASS = YES_ERROR;
				CLANG_WARN_UNREACHABLE_CODE = YES;
				CLANG_WARN__DUPLICATE_METHOD_MATCH = YES;
				"CODE_SIGN_IDENTITY[sdk=iphoneos*]" = "iPhone Developer";
				COPY_PHASE_STRIP = NO;
				ENABLE_STRICT_OBJC_MSGSEND = YES;
				GCC_C_LANGUAGE_STANDARD = gnu99;
				GCC_DYNAMIC_NO_PIC = NO;
				GCC_OPTIMIZATION_LEVEL = 0;
				GCC_PREPROCESSOR_DEFINITIONS = (
					"DEBUG=1",
					"$(inherited)",
				);
				GCC_SYMBOLS_PRIVATE_EXTERN = NO;
				GCC_WARN_64_TO_32_BIT_CONVERSION = YES;
				GCC_WARN_ABOUT_RETURN_TYPE = YES_ERROR;
				GCC_WARN_UNDECLARED_SELECTOR = YES;
				GCC_WARN_UNINITIALIZED_AUTOS = YES_AGGRESSIVE;
				GCC_WARN_UNUSED_FUNCTION = YES;
				GCC_WARN_UNUSED_VARIABLE = YES;
				IPHONEOS_DEPLOYMENT_TARGET = 8.1;
				MTL_ENABLE_DEBUG_INFO = YES;
				ONLY_ACTIVE_ARCH = YES;
				SDKROOT = iphoneos;
			};
			name = Debug;
		};
		B60E71841A72844400AFAAB2 /* Release */ = {
			isa = XCBuildConfiguration;
			buildSettings = {
				ALWAYS_SEARCH_USER_PATHS = NO;
				CLANG_CXX_LANGUAGE_STANDARD = "gnu++0x";
				CLANG_CXX_LIBRARY = "libc++";
				CLANG_ENABLE_MODULES = YES;
				CLANG_ENABLE_OBJC_ARC = YES;
				CLANG_WARN_BOOL_CONVERSION = YES;
				CLANG_WARN_CONSTANT_CONVERSION = YES;
				CLANG_WARN_DIRECT_OBJC_ISA_USAGE = YES_ERROR;
				CLANG_WARN_EMPTY_BODY = YES;
				CLANG_WARN_ENUM_CONVERSION = YES;
				CLANG_WARN_INT_CONVERSION = YES;
				CLANG_WARN_OBJC_ROOT_CLASS = YES_ERROR;
				CLANG_WARN_UNREACHABLE_CODE = YES;
				CLANG_WARN__DUPLICATE_METHOD_MATCH = YES;
				"CODE_SIGN_IDENTITY[sdk=iphoneos*]" = "iPhone Developer";
				COPY_PHASE_STRIP = YES;
				ENABLE_NS_ASSERTIONS = NO;
				ENABLE_STRICT_OBJC_MSGSEND = YES;
				GCC_C_LANGUAGE_STANDARD = gnu99;
				GCC_WARN_64_TO_32_BIT_CONVERSION = YES;
				GCC_WARN_ABOUT_RETURN_TYPE = YES_ERROR;
				GCC_WARN_UNDECLARED_SELECTOR = YES;
				GCC_WARN_UNINITIALIZED_AUTOS = YES_AGGRESSIVE;
				GCC_WARN_UNUSED_FUNCTION = YES;
				GCC_WARN_UNUSED_VARIABLE = YES;
				IPHONEOS_DEPLOYMENT_TARGET = 8.1;
				MTL_ENABLE_DEBUG_INFO = NO;
				SDKROOT = iphoneos;
				VALIDATE_PRODUCT = YES;
			};
			name = Release;
		};
		B60E71861A72844400AFAAB2 /* Debug */ = {
			isa = XCBuildConfiguration;
			buildSettings = {
				ASSETCATALOG_COMPILER_APPICON_NAME = AppIcon;
				INFOPLIST_FILE = MyFriends/Info.plist;
				LD_RUNPATH_SEARCH_PATHS = "$(inherited) @executable_path/Frameworks";
				PRODUCT_NAME = "$(TARGET_NAME)";
			};
			name = Debug;
		};
		B60E71871A72844400AFAAB2 /* Release */ = {
			isa = XCBuildConfiguration;
			buildSettings = {
				ASSETCATALOG_COMPILER_APPICON_NAME = AppIcon;
				INFOPLIST_FILE = MyFriends/Info.plist;
				LD_RUNPATH_SEARCH_PATHS = "$(inherited) @executable_path/Frameworks";
				PRODUCT_NAME = "$(TARGET_NAME)";
			};
			name = Release;
		};
		B60E71891A72844400AFAAB2 /* Debug */ = {
			isa = XCBuildConfiguration;
			buildSettings = {
				BUNDLE_LOADER = "$(TEST_HOST)";
				FRAMEWORK_SEARCH_PATHS = (
					"$(SDKROOT)/Developer/Library/Frameworks",
					"$(inherited)",
				);
				GCC_PREPROCESSOR_DEFINITIONS = (
					"DEBUG=1",
					"$(inherited)",
				);
				INFOPLIST_FILE = MyFriendsTests/Info.plist;
				LD_RUNPATH_SEARCH_PATHS = "$(inherited) @executable_path/Frameworks @loader_path/Frameworks";
				PRODUCT_NAME = "$(TARGET_NAME)";
				TEST_HOST = "$(BUILT_PRODUCTS_DIR)/MyFriends.app/MyFriends";
			};
			name = Debug;
		};
		B60E718A1A72844400AFAAB2 /* Release */ = {
			isa = XCBuildConfiguration;
			buildSettings = {
				BUNDLE_LOADER = "$(TEST_HOST)";
				FRAMEWORK_SEARCH_PATHS = (
					"$(SDKROOT)/Developer/Library/Frameworks",
					"$(inherited)",
				);
				INFOPLIST_FILE = MyFriendsTests/Info.plist;
				LD_RUNPATH_SEARCH_PATHS = "$(inherited) @executable_path/Frameworks @loader_path/Frameworks";
				PRODUCT_NAME = "$(TARGET_NAME)";
				TEST_HOST = "$(BUILT_PRODUCTS_DIR)/MyFriends.app/MyFriends";
			};
			name = Release;
		};
/* End XCBuildConfiguration section */

/* Begin XCConfigurationList section */
		B60E715D1A72844300AFAAB2 /* Build configuration list for PBXProject "MyFriends" */ = {
			isa = XCConfigurationList;
			buildConfigurations = (
				B60E71831A72844400AFAAB2 /* Debug */,
				B60E71841A72844400AFAAB2 /* Release */,
			);
			defaultConfigurationIsVisible = 0;
			defaultConfigurationName = Release;
		};
		B60E71851A72844400AFAAB2 /* Build configuration list for PBXNativeTarget "MyFriends" */ = {
			isa = XCConfigurationList;
			buildConfigurations = (
				B60E71861A72844400AFAAB2 /* Debug */,
				B60E71871A72844400AFAAB2 /* Release */,
			);
			defaultConfigurationIsVisible = 0;
		};
		B60E71881A72844400AFAAB2 /* Build configuration list for PBXNativeTarget "MyFriendsTests" */ = {
			isa = XCConfigurationList;
			buildConfigurations = (
				B60E71891A72844400AFAAB2 /* Debug */,
				B60E718A1A72844400AFAAB2 /* Release */,
			);
			defaultConfigurationIsVisible = 0;
		};
/* End XCConfigurationList section */
	};
	rootObject = B60E715A1A72844300AFAAB2 /* Project object */;
}
