// !$*UTF8*$!
{
	archiveVersion = 1;
	classes = {
	};
	objectVersion = 46;
	objects = {

/* Begin PBXBuildFile section */
		B66D45E91AA0FD6F001EFD6B /* AppDelegate.swift in Sources */ = {isa = PBXBuildFile; fileRef = B66D45E81AA0FD6F001EFD6B /* AppDelegate.swift */; };
		B66D45EB1AA0FD6F001EFD6B /* ViewController.swift in Sources */ = {isa = PBXBuildFile; fileRef = B66D45EA1AA0FD6F001EFD6B /* ViewController.swift */; };
		B66D45EE1AA0FD6F001EFD6B /* Main.storyboard in Resources */ = {isa = PBXBuildFile; fileRef = B66D45EC1AA0FD6F001EFD6B /* Main.storyboard */; };
		B66D45F01AA0FD6F001EFD6B /* Images.xcassets in Resources */ = {isa = PBXBuildFile; fileRef = B66D45EF1AA0FD6F001EFD6B /* Images.xcassets */; };
		B66D45F31AA0FD6F001EFD6B /* LaunchScreen.xib in Resources */ = {isa = PBXBuildFile; fileRef = B66D45F11AA0FD6F001EFD6B /* LaunchScreen.xib */; };
		B66D45FF1AA0FD6F001EFD6B /* ThrowAwayLoaderTests.swift in Sources */ = {isa = PBXBuildFile; fileRef = B66D45FE1AA0FD6F001EFD6B /* ThrowAwayLoaderTests.swift */; };
		B66D46091AA0FDC0001EFD6B /* Loader.swift in Sources */ = {isa = PBXBuildFile; fileRef = B66D46081AA0FDC0001EFD6B /* Loader.swift */; };
/* End PBXBuildFile section */

/* Begin PBXContainerItemProxy section */
		B66D45F91AA0FD6F001EFD6B /* PBXContainerItemProxy */ = {
			isa = PBXContainerItemProxy;
			containerPortal = B66D45DB1AA0FD6E001EFD6B /* Project object */;
			proxyType = 1;
			remoteGlobalIDString = B66D45E21AA0FD6E001EFD6B;
			remoteInfo = ThrowAwayLoader;
		};
/* End PBXContainerItemProxy section */

/* Begin PBXFileReference section */
		B66D45E31AA0FD6E001EFD6B /* ThrowAwayLoader.app */ = {isa = PBXFileReference; explicitFileType = wrapper.application; includeInIndex = 0; path = ThrowAwayLoader.app; sourceTree = BUILT_PRODUCTS_DIR; };
		B66D45E71AA0FD6F001EFD6B /* Info.plist */ = {isa = PBXFileReference; lastKnownFileType = text.plist.xml; path = Info.plist; sourceTree = "<group>"; };
		B66D45E81AA0FD6F001EFD6B /* AppDelegate.swift */ = {isa = PBXFileReference; lastKnownFileType = sourcecode.swift; path = AppDelegate.swift; sourceTree = "<group>"; };
		B66D45EA1AA0FD6F001EFD6B /* ViewController.swift */ = {isa = PBXFileReference; lastKnownFileType = sourcecode.swift; path = ViewController.swift; sourceTree = "<group>"; };
		B66D45ED1AA0FD6F001EFD6B /* Base */ = {isa = PBXFileReference; lastKnownFileType = file.storyboard; name = Base; path = Base.lproj/Main.storyboard; sourceTree = "<group>"; };
		B66D45EF1AA0FD6F001EFD6B /* Images.xcassets */ = {isa = PBXFileReference; lastKnownFileType = folder.assetcatalog; path = Images.xcassets; sourceTree = "<group>"; };
		B66D45F21AA0FD6F001EFD6B /* Base */ = {isa = PBXFileReference; lastKnownFileType = file.xib; name = Base; path = Base.lproj/LaunchScreen.xib; sourceTree = "<group>"; };
		B66D45F81AA0FD6F001EFD6B /* ThrowAwayLoaderTests.xctest */ = {isa = PBXFileReference; explicitFileType = wrapper.cfbundle; includeInIndex = 0; path = ThrowAwayLoaderTests.xctest; sourceTree = BUILT_PRODUCTS_DIR; };
		B66D45FD1AA0FD6F001EFD6B /* Info.plist */ = {isa = PBXFileReference; lastKnownFileType = text.plist.xml; path = Info.plist; sourceTree = "<group>"; };
		B66D45FE1AA0FD6F001EFD6B /* ThrowAwayLoaderTests.swift */ = {isa = PBXFileReference; lastKnownFileType = sourcecode.swift; path = ThrowAwayLoaderTests.swift; sourceTree = "<group>"; };
		B66D46081AA0FDC0001EFD6B /* Loader.swift */ = {isa = PBXFileReference; fileEncoding = 4; lastKnownFileType = sourcecode.swift; name = Loader.swift; path = ../../Loader.swift; sourceTree = "<group>"; };
/* End PBXFileReference section */

/* Begin PBXFrameworksBuildPhase section */
		B66D45E01AA0FD6E001EFD6B /* Frameworks */ = {
			isa = PBXFrameworksBuildPhase;
			buildActionMask = 2147483647;
			files = (
			);
			runOnlyForDeploymentPostprocessing = 0;
		};
		B66D45F51AA0FD6F001EFD6B /* Frameworks */ = {
			isa = PBXFrameworksBuildPhase;
			buildActionMask = 2147483647;
			files = (
			);
			runOnlyForDeploymentPostprocessing = 0;
		};
/* End PBXFrameworksBuildPhase section */

/* Begin PBXGroup section */
		B66D45DA1AA0FD6E001EFD6B = {
			isa = PBXGroup;
			children = (
				B66D45E51AA0FD6E001EFD6B /* ThrowAwayLoader */,
				B66D45FB1AA0FD6F001EFD6B /* ThrowAwayLoaderTests */,
				B66D45E41AA0FD6E001EFD6B /* Products */,
			);
			sourceTree = "<group>";
		};
		B66D45E41AA0FD6E001EFD6B /* Products */ = {
			isa = PBXGroup;
			children = (
				B66D45E31AA0FD6E001EFD6B /* ThrowAwayLoader.app */,
				B66D45F81AA0FD6F001EFD6B /* ThrowAwayLoaderTests.xctest */,
			);
			name = Products;
			sourceTree = "<group>";
		};
		B66D45E51AA0FD6E001EFD6B /* ThrowAwayLoader */ = {
			isa = PBXGroup;
			children = (
				B66D46081AA0FDC0001EFD6B /* Loader.swift */,
				B66D45E81AA0FD6F001EFD6B /* AppDelegate.swift */,
				B66D45EA1AA0FD6F001EFD6B /* ViewController.swift */,
				B66D45EC1AA0FD6F001EFD6B /* Main.storyboard */,
				B66D45EF1AA0FD6F001EFD6B /* Images.xcassets */,
				B66D45F11AA0FD6F001EFD6B /* LaunchScreen.xib */,
				B66D45E61AA0FD6E001EFD6B /* Supporting Files */,
			);
			path = ThrowAwayLoader;
			sourceTree = "<group>";
		};
		B66D45E61AA0FD6E001EFD6B /* Supporting Files */ = {
			isa = PBXGroup;
			children = (
				B66D45E71AA0FD6F001EFD6B /* Info.plist */,
			);
			name = "Supporting Files";
			sourceTree = "<group>";
		};
		B66D45FB1AA0FD6F001EFD6B /* ThrowAwayLoaderTests */ = {
			isa = PBXGroup;
			children = (
				B66D45FE1AA0FD6F001EFD6B /* ThrowAwayLoaderTests.swift */,
				B66D45FC1AA0FD6F001EFD6B /* Supporting Files */,
			);
			path = ThrowAwayLoaderTests;
			sourceTree = "<group>";
		};
		B66D45FC1AA0FD6F001EFD6B /* Supporting Files */ = {
			isa = PBXGroup;
			children = (
				B66D45FD1AA0FD6F001EFD6B /* Info.plist */,
			);
			name = "Supporting Files";
			sourceTree = "<group>";
		};
/* End PBXGroup section */

/* Begin PBXNativeTarget section */
		B66D45E21AA0FD6E001EFD6B /* ThrowAwayLoader */ = {
			isa = PBXNativeTarget;
			buildConfigurationList = B66D46021AA0FD6F001EFD6B /* Build configuration list for PBXNativeTarget "ThrowAwayLoader" */;
			buildPhases = (
				B66D45DF1AA0FD6E001EFD6B /* Sources */,
				B66D45E01AA0FD6E001EFD6B /* Frameworks */,
				B66D45E11AA0FD6E001EFD6B /* Resources */,
			);
			buildRules = (
			);
			dependencies = (
			);
			name = ThrowAwayLoader;
			productName = ThrowAwayLoader;
			productReference = B66D45E31AA0FD6E001EFD6B /* ThrowAwayLoader.app */;
			productType = "com.apple.product-type.application";
		};
		B66D45F71AA0FD6F001EFD6B /* ThrowAwayLoaderTests */ = {
			isa = PBXNativeTarget;
			buildConfigurationList = B66D46051AA0FD6F001EFD6B /* Build configuration list for PBXNativeTarget "ThrowAwayLoaderTests" */;
			buildPhases = (
				B66D45F41AA0FD6F001EFD6B /* Sources */,
				B66D45F51AA0FD6F001EFD6B /* Frameworks */,
				B66D45F61AA0FD6F001EFD6B /* Resources */,
			);
			buildRules = (
			);
			dependencies = (
				B66D45FA1AA0FD6F001EFD6B /* PBXTargetDependency */,
			);
			name = ThrowAwayLoaderTests;
			productName = ThrowAwayLoaderTests;
			productReference = B66D45F81AA0FD6F001EFD6B /* ThrowAwayLoaderTests.xctest */;
			productType = "com.apple.product-type.bundle.unit-test";
		};
/* End PBXNativeTarget section */

/* Begin PBXProject section */
		B66D45DB1AA0FD6E001EFD6B /* Project object */ = {
			isa = PBXProject;
			attributes = {
				LastUpgradeCheck = 0610;
				ORGANIZATIONNAME = "Bobby Towers";
				TargetAttributes = {
					B66D45E21AA0FD6E001EFD6B = {
						CreatedOnToolsVersion = 6.1.1;
					};
					B66D45F71AA0FD6F001EFD6B = {
						CreatedOnToolsVersion = 6.1.1;
						TestTargetID = B66D45E21AA0FD6E001EFD6B;
					};
				};
			};
			buildConfigurationList = B66D45DE1AA0FD6E001EFD6B /* Build configuration list for PBXProject "ThrowAwayLoader" */;
			compatibilityVersion = "Xcode 3.2";
			developmentRegion = English;
			hasScannedForEncodings = 0;
			knownRegions = (
				en,
				Base,
			);
			mainGroup = B66D45DA1AA0FD6E001EFD6B;
			productRefGroup = B66D45E41AA0FD6E001EFD6B /* Products */;
			projectDirPath = "";
			projectRoot = "";
			targets = (
				B66D45E21AA0FD6E001EFD6B /* ThrowAwayLoader */,
				B66D45F71AA0FD6F001EFD6B /* ThrowAwayLoaderTests */,
			);
		};
/* End PBXProject section */

/* Begin PBXResourcesBuildPhase section */
		B66D45E11AA0FD6E001EFD6B /* Resources */ = {
			isa = PBXResourcesBuildPhase;
			buildActionMask = 2147483647;
			files = (
				B66D45EE1AA0FD6F001EFD6B /* Main.storyboard in Resources */,
				B66D45F31AA0FD6F001EFD6B /* LaunchScreen.xib in Resources */,
				B66D45F01AA0FD6F001EFD6B /* Images.xcassets in Resources */,
			);
			runOnlyForDeploymentPostprocessing = 0;
		};
		B66D45F61AA0FD6F001EFD6B /* Resources */ = {
			isa = PBXResourcesBuildPhase;
			buildActionMask = 2147483647;
			files = (
			);
			runOnlyForDeploymentPostprocessing = 0;
		};
/* End PBXResourcesBuildPhase section */

/* Begin PBXSourcesBuildPhase section */
		B66D45DF1AA0FD6E001EFD6B /* Sources */ = {
			isa = PBXSourcesBuildPhase;
			buildActionMask = 2147483647;
			files = (
				B66D45EB1AA0FD6F001EFD6B /* ViewController.swift in Sources */,
				B66D45E91AA0FD6F001EFD6B /* AppDelegate.swift in Sources */,
				B66D46091AA0FDC0001EFD6B /* Loader.swift in Sources */,
			);
			runOnlyForDeploymentPostprocessing = 0;
		};
		B66D45F41AA0FD6F001EFD6B /* Sources */ = {
			isa = PBXSourcesBuildPhase;
			buildActionMask = 2147483647;
			files = (
				B66D45FF1AA0FD6F001EFD6B /* ThrowAwayLoaderTests.swift in Sources */,
			);
			runOnlyForDeploymentPostprocessing = 0;
		};
/* End PBXSourcesBuildPhase section */

/* Begin PBXTargetDependency section */
		B66D45FA1AA0FD6F001EFD6B /* PBXTargetDependency */ = {
			isa = PBXTargetDependency;
			target = B66D45E21AA0FD6E001EFD6B /* ThrowAwayLoader */;
			targetProxy = B66D45F91AA0FD6F001EFD6B /* PBXContainerItemProxy */;
		};
/* End PBXTargetDependency section */

/* Begin PBXVariantGroup section */
		B66D45EC1AA0FD6F001EFD6B /* Main.storyboard */ = {
			isa = PBXVariantGroup;
			children = (
				B66D45ED1AA0FD6F001EFD6B /* Base */,
			);
			name = Main.storyboard;
			sourceTree = "<group>";
		};
		B66D45F11AA0FD6F001EFD6B /* LaunchScreen.xib */ = {
			isa = PBXVariantGroup;
			children = (
				B66D45F21AA0FD6F001EFD6B /* Base */,
			);
			name = LaunchScreen.xib;
			sourceTree = "<group>";
		};
/* End PBXVariantGroup section */

/* Begin XCBuildConfiguration section */
		B66D46001AA0FD6F001EFD6B /* Debug */ = {
			isa = XCBuildConfiguration;
			buildSettings = {
				ALWAYS_SEARCH_USER_PATHS = NO;
				CLANG_CXX_LANGUAGE_STANDARD = "gnu++0x";
				CLANG_CXX_LIBRARY = "libc++";
				CLANG_ENABLE_MODULES = YES;
				CLANG_ENABLE_OBJC_ARC = YES;
				CLANG_WARN_BOOL_CONVERSION = YES;
				CLANG_WARN_CONSTANT_CONVERSION = YES;
				CLANG_WARN_DIRECT_OBJC_ISA_USAGE = YES_ERROR;
				CLANG_WARN_EMPTY_BODY = YES;
				CLANG_WARN_ENUM_CONVERSION = YES;
				CLANG_WARN_INT_CONVERSION = YES;
				CLANG_WARN_OBJC_ROOT_CLASS = YES_ERROR;
				CLANG_WARN_UNREACHABLE_CODE = YES;
				CLANG_WARN__DUPLICATE_METHOD_MATCH = YES;
				"CODE_SIGN_IDENTITY[sdk=iphoneos*]" = "iPhone Developer";
				COPY_PHASE_STRIP = NO;
				ENABLE_STRICT_OBJC_MSGSEND = YES;
				GCC_C_LANGUAGE_STANDARD = gnu99;
				GCC_DYNAMIC_NO_PIC = NO;
				GCC_OPTIMIZATION_LEVEL = 0;
				GCC_PREPROCESSOR_DEFINITIONS = (
					"DEBUG=1",
					"$(inherited)",
				);
				GCC_SYMBOLS_PRIVATE_EXTERN = NO;
				GCC_WARN_64_TO_32_BIT_CONVERSION = YES;
				GCC_WARN_ABOUT_RETURN_TYPE = YES_ERROR;
				GCC_WARN_UNDECLARED_SELECTOR = YES;
				GCC_WARN_UNINITIALIZED_AUTOS = YES_AGGRESSIVE;
				GCC_WARN_UNUSED_FUNCTION = YES;
				GCC_WARN_UNUSED_VARIABLE = YES;
				IPHONEOS_DEPLOYMENT_TARGET = 8.1;
				MTL_ENABLE_DEBUG_INFO = YES;
				ONLY_ACTIVE_ARCH = YES;
				SDKROOT = iphoneos;
				SWIFT_OPTIMIZATION_LEVEL = "-Onone";
			};
			name = Debug;
		};
		B66D46011AA0FD6F001EFD6B /* Release */ = {
			isa = XCBuildConfiguration;
			buildSettings = {
				ALWAYS_SEARCH_USER_PATHS = NO;
				CLANG_CXX_LANGUAGE_STANDARD = "gnu++0x";
				CLANG_CXX_LIBRARY = "libc++";
				CLANG_ENABLE_MODULES = YES;
				CLANG_ENABLE_OBJC_ARC = YES;
				CLANG_WARN_BOOL_CONVERSION = YES;
				CLANG_WARN_CONSTANT_CONVERSION = YES;
				CLANG_WARN_DIRECT_OBJC_ISA_USAGE = YES_ERROR;
				CLANG_WARN_EMPTY_BODY = YES;
				CLANG_WARN_ENUM_CONVERSION = YES;
				CLANG_WARN_INT_CONVERSION = YES;
				CLANG_WARN_OBJC_ROOT_CLASS = YES_ERROR;
				CLANG_WARN_UNREACHABLE_CODE = YES;
				CLANG_WARN__DUPLICATE_METHOD_MATCH = YES;
				"CODE_SIGN_IDENTITY[sdk=iphoneos*]" = "iPhone Developer";
				COPY_PHASE_STRIP = YES;
				ENABLE_NS_ASSERTIONS = NO;
				ENABLE_STRICT_OBJC_MSGSEND = YES;
				GCC_C_LANGUAGE_STANDARD = gnu99;
				GCC_WARN_64_TO_32_BIT_CONVERSION = YES;
				GCC_WARN_ABOUT_RETURN_TYPE = YES_ERROR;
				GCC_WARN_UNDECLARED_SELECTOR = YES;
				GCC_WARN_UNINITIALIZED_AUTOS = YES_AGGRESSIVE;
				GCC_WARN_UNUSED_FUNCTION = YES;
				GCC_WARN_UNUSED_VARIABLE = YES;
				IPHONEOS_DEPLOYMENT_TARGET = 8.1;
				MTL_ENABLE_DEBUG_INFO = NO;
				SDKROOT = iphoneos;
				VALIDATE_PRODUCT = YES;
			};
			name = Release;
		};
		B66D46031AA0FD6F001EFD6B /* Debug */ = {
			isa = XCBuildConfiguration;
			buildSettings = {
				ASSETCATALOG_COMPILER_APPICON_NAME = AppIcon;
				INFOPLIST_FILE = ThrowAwayLoader/Info.plist;
				LD_RUNPATH_SEARCH_PATHS = "$(inherited) @executable_path/Frameworks";
				PRODUCT_NAME = "$(TARGET_NAME)";
			};
			name = Debug;
		};
		B66D46041AA0FD6F001EFD6B /* Release */ = {
			isa = XCBuildConfiguration;
			buildSettings = {
				ASSETCATALOG_COMPILER_APPICON_NAME = AppIcon;
				INFOPLIST_FILE = ThrowAwayLoader/Info.plist;
				LD_RUNPATH_SEARCH_PATHS = "$(inherited) @executable_path/Frameworks";
				PRODUCT_NAME = "$(TARGET_NAME)";
			};
			name = Release;
		};
		B66D46061AA0FD6F001EFD6B /* Debug */ = {
			isa = XCBuildConfiguration;
			buildSettings = {
				BUNDLE_LOADER = "$(TEST_HOST)";
				FRAMEWORK_SEARCH_PATHS = (
					"$(SDKROOT)/Developer/Library/Frameworks",
					"$(inherited)",
				);
				GCC_PREPROCESSOR_DEFINITIONS = (
					"DEBUG=1",
					"$(inherited)",
				);
				INFOPLIST_FILE = ThrowAwayLoaderTests/Info.plist;
				LD_RUNPATH_SEARCH_PATHS = "$(inherited) @executable_path/Frameworks @loader_path/Frameworks";
				PRODUCT_NAME = "$(TARGET_NAME)";
				TEST_HOST = "$(BUILT_PRODUCTS_DIR)/ThrowAwayLoader.app/ThrowAwayLoader";
			};
			name = Debug;
		};
		B66D46071AA0FD6F001EFD6B /* Release */ = {
			isa = XCBuildConfiguration;
			buildSettings = {
				BUNDLE_LOADER = "$(TEST_HOST)";
				FRAMEWORK_SEARCH_PATHS = (
					"$(SDKROOT)/Developer/Library/Frameworks",
					"$(inherited)",
				);
				INFOPLIST_FILE = ThrowAwayLoaderTests/Info.plist;
				LD_RUNPATH_SEARCH_PATHS = "$(inherited) @executable_path/Frameworks @loader_path/Frameworks";
				PRODUCT_NAME = "$(TARGET_NAME)";
				TEST_HOST = "$(BUILT_PRODUCTS_DIR)/ThrowAwayLoader.app/ThrowAwayLoader";
			};
			name = Release;
		};
/* End XCBuildConfiguration section */

/* Begin XCConfigurationList section */
		B66D45DE1AA0FD6E001EFD6B /* Build configuration list for PBXProject "ThrowAwayLoader" */ = {
			isa = XCConfigurationList;
			buildConfigurations = (
				B66D46001AA0FD6F001EFD6B /* Debug */,
				B66D46011AA0FD6F001EFD6B /* Release */,
			);
			defaultConfigurationIsVisible = 0;
			defaultConfigurationName = Release;
		};
		B66D46021AA0FD6F001EFD6B /* Build configuration list for PBXNativeTarget "ThrowAwayLoader" */ = {
			isa = XCConfigurationList;
			buildConfigurations = (
				B66D46031AA0FD6F001EFD6B /* Debug */,
				B66D46041AA0FD6F001EFD6B /* Release */,
			);
			defaultConfigurationIsVisible = 0;
		};
		B66D46051AA0FD6F001EFD6B /* Build configuration list for PBXNativeTarget "ThrowAwayLoaderTests" */ = {
			isa = XCConfigurationList;
			buildConfigurations = (
				B66D46061AA0FD6F001EFD6B /* Debug */,
				B66D46071AA0FD6F001EFD6B /* Release */,
			);
			defaultConfigurationIsVisible = 0;
		};
/* End XCConfigurationList section */
	};
	rootObject = B66D45DB1AA0FD6E001EFD6B /* Project object */;
}
