// !$*UTF8*$!
{
	archiveVersion = 1;
	classes = {
	};
	objectVersion = 46;
	objects = {

/* Begin PBXBuildFile section */
		B639AB181A8A4839000B0CF9 /* AppDelegate.swift in Sources */ = {isa = PBXBuildFile; fileRef = B639AB171A8A4839000B0CF9 /* AppDelegate.swift */; };
		B639AB1A1A8A4839000B0CF9 /* ViewController.swift in Sources */ = {isa = PBXBuildFile; fileRef = B639AB191A8A4839000B0CF9 /* ViewController.swift */; };
		B639AB1D1A8A483A000B0CF9 /* Main.storyboard in Resources */ = {isa = PBXBuildFile; fileRef = B639AB1B1A8A483A000B0CF9 /* Main.storyboard */; };
		B639AB1F1A8A483A000B0CF9 /* Images.xcassets in Resources */ = {isa = PBXBuildFile; fileRef = B639AB1E1A8A483A000B0CF9 /* Images.xcassets */; };
		B639AB221A8A483A000B0CF9 /* LaunchScreen.xib in Resources */ = {isa = PBXBuildFile; fileRef = B639AB201A8A483A000B0CF9 /* LaunchScreen.xib */; };
		B639AB2E1A8A483A000B0CF9 /* BumperTests.swift in Sources */ = {isa = PBXBuildFile; fileRef = B639AB2D1A8A483A000B0CF9 /* BumperTests.swift */; };
/* End PBXBuildFile section */

/* Begin PBXContainerItemProxy section */
		B639AB281A8A483A000B0CF9 /* PBXContainerItemProxy */ = {
			isa = PBXContainerItemProxy;
			containerPortal = B639AB0A1A8A4839000B0CF9 /* Project object */;
			proxyType = 1;
			remoteGlobalIDString = B639AB111A8A4839000B0CF9;
			remoteInfo = Bumper;
		};
/* End PBXContainerItemProxy section */

/* Begin PBXFileReference section */
		B639AB121A8A4839000B0CF9 /* Bumper.app */ = {isa = PBXFileReference; explicitFileType = wrapper.application; includeInIndex = 0; path = Bumper.app; sourceTree = BUILT_PRODUCTS_DIR; };
		B639AB161A8A4839000B0CF9 /* Info.plist */ = {isa = PBXFileReference; lastKnownFileType = text.plist.xml; path = Info.plist; sourceTree = "<group>"; };
		B639AB171A8A4839000B0CF9 /* AppDelegate.swift */ = {isa = PBXFileReference; lastKnownFileType = sourcecode.swift; path = AppDelegate.swift; sourceTree = "<group>"; };
		B639AB191A8A4839000B0CF9 /* ViewController.swift */ = {isa = PBXFileReference; lastKnownFileType = sourcecode.swift; path = ViewController.swift; sourceTree = "<group>"; };
		B639AB1C1A8A483A000B0CF9 /* Base */ = {isa = PBXFileReference; lastKnownFileType = file.storyboard; name = Base; path = Base.lproj/Main.storyboard; sourceTree = "<group>"; };
		B639AB1E1A8A483A000B0CF9 /* Images.xcassets */ = {isa = PBXFileReference; lastKnownFileType = folder.assetcatalog; path = Images.xcassets; sourceTree = "<group>"; };
		B639AB211A8A483A000B0CF9 /* Base */ = {isa = PBXFileReference; lastKnownFileType = file.xib; name = Base; path = Base.lproj/LaunchScreen.xib; sourceTree = "<group>"; };
		B639AB271A8A483A000B0CF9 /* BumperTests.xctest */ = {isa = PBXFileReference; explicitFileType = wrapper.cfbundle; includeInIndex = 0; path = BumperTests.xctest; sourceTree = BUILT_PRODUCTS_DIR; };
		B639AB2C1A8A483A000B0CF9 /* Info.plist */ = {isa = PBXFileReference; lastKnownFileType = text.plist.xml; path = Info.plist; sourceTree = "<group>"; };
		B639AB2D1A8A483A000B0CF9 /* BumperTests.swift */ = {isa = PBXFileReference; lastKnownFileType = sourcecode.swift; path = BumperTests.swift; sourceTree = "<group>"; };
/* End PBXFileReference section */

/* Begin PBXFrameworksBuildPhase section */
		B639AB0F1A8A4839000B0CF9 /* Frameworks */ = {
			isa = PBXFrameworksBuildPhase;
			buildActionMask = 2147483647;
			files = (
			);
			runOnlyForDeploymentPostprocessing = 0;
		};
		B639AB241A8A483A000B0CF9 /* Frameworks */ = {
			isa = PBXFrameworksBuildPhase;
			buildActionMask = 2147483647;
			files = (
			);
			runOnlyForDeploymentPostprocessing = 0;
		};
/* End PBXFrameworksBuildPhase section */

/* Begin PBXGroup section */
		B639AB091A8A4839000B0CF9 = {
			isa = PBXGroup;
			children = (
				B639AB141A8A4839000B0CF9 /* Bumper */,
				B639AB2A1A8A483A000B0CF9 /* BumperTests */,
				B639AB131A8A4839000B0CF9 /* Products */,
			);
			sourceTree = "<group>";
		};
		B639AB131A8A4839000B0CF9 /* Products */ = {
			isa = PBXGroup;
			children = (
				B639AB121A8A4839000B0CF9 /* Bumper.app */,
				B639AB271A8A483A000B0CF9 /* BumperTests.xctest */,
			);
			name = Products;
			sourceTree = "<group>";
		};
		B639AB141A8A4839000B0CF9 /* Bumper */ = {
			isa = PBXGroup;
			children = (
				B639AB171A8A4839000B0CF9 /* AppDelegate.swift */,
				B639AB191A8A4839000B0CF9 /* ViewController.swift */,
				B639AB1B1A8A483A000B0CF9 /* Main.storyboard */,
				B639AB1E1A8A483A000B0CF9 /* Images.xcassets */,
				B639AB201A8A483A000B0CF9 /* LaunchScreen.xib */,
				B639AB151A8A4839000B0CF9 /* Supporting Files */,
			);
			path = Bumper;
			sourceTree = "<group>";
		};
		B639AB151A8A4839000B0CF9 /* Supporting Files */ = {
			isa = PBXGroup;
			children = (
				B639AB161A8A4839000B0CF9 /* Info.plist */,
			);
			name = "Supporting Files";
			sourceTree = "<group>";
		};
		B639AB2A1A8A483A000B0CF9 /* BumperTests */ = {
			isa = PBXGroup;
			children = (
				B639AB2D1A8A483A000B0CF9 /* BumperTests.swift */,
				B639AB2B1A8A483A000B0CF9 /* Supporting Files */,
			);
			path = BumperTests;
			sourceTree = "<group>";
		};
		B639AB2B1A8A483A000B0CF9 /* Supporting Files */ = {
			isa = PBXGroup;
			children = (
				B639AB2C1A8A483A000B0CF9 /* Info.plist */,
			);
			name = "Supporting Files";
			sourceTree = "<group>";
		};
/* End PBXGroup section */

/* Begin PBXNativeTarget section */
		B639AB111A8A4839000B0CF9 /* Bumper */ = {
			isa = PBXNativeTarget;
			buildConfigurationList = B639AB311A8A483A000B0CF9 /* Build configuration list for PBXNativeTarget "Bumper" */;
			buildPhases = (
				B639AB0E1A8A4839000B0CF9 /* Sources */,
				B639AB0F1A8A4839000B0CF9 /* Frameworks */,
				B639AB101A8A4839000B0CF9 /* Resources */,
			);
			buildRules = (
			);
			dependencies = (
			);
			name = Bumper;
			productName = Bumper;
			productReference = B639AB121A8A4839000B0CF9 /* Bumper.app */;
			productType = "com.apple.product-type.application";
		};
		B639AB261A8A483A000B0CF9 /* BumperTests */ = {
			isa = PBXNativeTarget;
			buildConfigurationList = B639AB341A8A483A000B0CF9 /* Build configuration list for PBXNativeTarget "BumperTests" */;
			buildPhases = (
				B639AB231A8A483A000B0CF9 /* Sources */,
				B639AB241A8A483A000B0CF9 /* Frameworks */,
				B639AB251A8A483A000B0CF9 /* Resources */,
			);
			buildRules = (
			);
			dependencies = (
				B639AB291A8A483A000B0CF9 /* PBXTargetDependency */,
			);
			name = BumperTests;
			productName = BumperTests;
			productReference = B639AB271A8A483A000B0CF9 /* BumperTests.xctest */;
			productType = "com.apple.product-type.bundle.unit-test";
		};
/* End PBXNativeTarget section */

/* Begin PBXProject section */
		B639AB0A1A8A4839000B0CF9 /* Project object */ = {
			isa = PBXProject;
			attributes = {
				LastUpgradeCheck = 0610;
				ORGANIZATIONNAME = "Bobby Towers";
				TargetAttributes = {
					B639AB111A8A4839000B0CF9 = {
						CreatedOnToolsVersion = 6.1.1;
					};
					B639AB261A8A483A000B0CF9 = {
						CreatedOnToolsVersion = 6.1.1;
						TestTargetID = B639AB111A8A4839000B0CF9;
					};
				};
			};
			buildConfigurationList = B639AB0D1A8A4839000B0CF9 /* Build configuration list for PBXProject "Bumper" */;
			compatibilityVersion = "Xcode 3.2";
			developmentRegion = English;
			hasScannedForEncodings = 0;
			knownRegions = (
				en,
				Base,
			);
			mainGroup = B639AB091A8A4839000B0CF9;
			productRefGroup = B639AB131A8A4839000B0CF9 /* Products */;
			projectDirPath = "";
			projectRoot = "";
			targets = (
				B639AB111A8A4839000B0CF9 /* Bumper */,
				B639AB261A8A483A000B0CF9 /* BumperTests */,
			);
		};
/* End PBXProject section */

/* Begin PBXResourcesBuildPhase section */
		B639AB101A8A4839000B0CF9 /* Resources */ = {
			isa = PBXResourcesBuildPhase;
			buildActionMask = 2147483647;
			files = (
				B639AB1D1A8A483A000B0CF9 /* Main.storyboard in Resources */,
				B639AB221A8A483A000B0CF9 /* LaunchScreen.xib in Resources */,
				B639AB1F1A8A483A000B0CF9 /* Images.xcassets in Resources */,
			);
			runOnlyForDeploymentPostprocessing = 0;
		};
		B639AB251A8A483A000B0CF9 /* Resources */ = {
			isa = PBXResourcesBuildPhase;
			buildActionMask = 2147483647;
			files = (
			);
			runOnlyForDeploymentPostprocessing = 0;
		};
/* End PBXResourcesBuildPhase section */

/* Begin PBXSourcesBuildPhase section */
		B639AB0E1A8A4839000B0CF9 /* Sources */ = {
			isa = PBXSourcesBuildPhase;
			buildActionMask = 2147483647;
			files = (
				B639AB1A1A8A4839000B0CF9 /* ViewController.swift in Sources */,
				B639AB181A8A4839000B0CF9 /* AppDelegate.swift in Sources */,
			);
			runOnlyForDeploymentPostprocessing = 0;
		};
		B639AB231A8A483A000B0CF9 /* Sources */ = {
			isa = PBXSourcesBuildPhase;
			buildActionMask = 2147483647;
			files = (
				B639AB2E1A8A483A000B0CF9 /* BumperTests.swift in Sources */,
			);
			runOnlyForDeploymentPostprocessing = 0;
		};
/* End PBXSourcesBuildPhase section */

/* Begin PBXTargetDependency section */
		B639AB291A8A483A000B0CF9 /* PBXTargetDependency */ = {
			isa = PBXTargetDependency;
			target = B639AB111A8A4839000B0CF9 /* Bumper */;
			targetProxy = B639AB281A8A483A000B0CF9 /* PBXContainerItemProxy */;
		};
/* End PBXTargetDependency section */

/* Begin PBXVariantGroup section */
		B639AB1B1A8A483A000B0CF9 /* Main.storyboard */ = {
			isa = PBXVariantGroup;
			children = (
				B639AB1C1A8A483A000B0CF9 /* Base */,
			);
			name = Main.storyboard;
			sourceTree = "<group>";
		};
		B639AB201A8A483A000B0CF9 /* LaunchScreen.xib */ = {
			isa = PBXVariantGroup;
			children = (
				B639AB211A8A483A000B0CF9 /* Base */,
			);
			name = LaunchScreen.xib;
			sourceTree = "<group>";
		};
/* End PBXVariantGroup section */

/* Begin XCBuildConfiguration section */
		B639AB2F1A8A483A000B0CF9 /* Debug */ = {
			isa = XCBuildConfiguration;
			buildSettings = {
				ALWAYS_SEARCH_USER_PATHS = NO;
				CLANG_CXX_LANGUAGE_STANDARD = "gnu++0x";
				CLANG_CXX_LIBRARY = "libc++";
				CLANG_ENABLE_MODULES = YES;
				CLANG_ENABLE_OBJC_ARC = YES;
				CLANG_WARN_BOOL_CONVERSION = YES;
				CLANG_WARN_CONSTANT_CONVERSION = YES;
				CLANG_WARN_DIRECT_OBJC_ISA_USAGE = YES_ERROR;
				CLANG_WARN_EMPTY_BODY = YES;
				CLANG_WARN_ENUM_CONVERSION = YES;
				CLANG_WARN_INT_CONVERSION = YES;
				CLANG_WARN_OBJC_ROOT_CLASS = YES_ERROR;
				CLANG_WARN_UNREACHABLE_CODE = YES;
				CLANG_WARN__DUPLICATE_METHOD_MATCH = YES;
				"CODE_SIGN_IDENTITY[sdk=iphoneos*]" = "iPhone Developer";
				COPY_PHASE_STRIP = NO;
				ENABLE_STRICT_OBJC_MSGSEND = YES;
				GCC_C_LANGUAGE_STANDARD = gnu99;
				GCC_DYNAMIC_NO_PIC = NO;
				GCC_OPTIMIZATION_LEVEL = 0;
				GCC_PREPROCESSOR_DEFINITIONS = (
					"DEBUG=1",
					"$(inherited)",
				);
				GCC_SYMBOLS_PRIVATE_EXTERN = NO;
				GCC_WARN_64_TO_32_BIT_CONVERSION = YES;
				GCC_WARN_ABOUT_RETURN_TYPE = YES_ERROR;
				GCC_WARN_UNDECLARED_SELECTOR = YES;
				GCC_WARN_UNINITIALIZED_AUTOS = YES_AGGRESSIVE;
				GCC_WARN_UNUSED_FUNCTION = YES;
				GCC_WARN_UNUSED_VARIABLE = YES;
				IPHONEOS_DEPLOYMENT_TARGET = 8.1;
				MTL_ENABLE_DEBUG_INFO = YES;
				ONLY_ACTIVE_ARCH = YES;
				SDKROOT = iphoneos;
				SWIFT_OPTIMIZATION_LEVEL = "-Onone";
				TARGETED_DEVICE_FAMILY = 2;
			};
			name = Debug;
		};
		B639AB301A8A483A000B0CF9 /* Release */ = {
			isa = XCBuildConfiguration;
			buildSettings = {
				ALWAYS_SEARCH_USER_PATHS = NO;
				CLANG_CXX_LANGUAGE_STANDARD = "gnu++0x";
				CLANG_CXX_LIBRARY = "libc++";
				CLANG_ENABLE_MODULES = YES;
				CLANG_ENABLE_OBJC_ARC = YES;
				CLANG_WARN_BOOL_CONVERSION = YES;
				CLANG_WARN_CONSTANT_CONVERSION = YES;
				CLANG_WARN_DIRECT_OBJC_ISA_USAGE = YES_ERROR;
				CLANG_WARN_EMPTY_BODY = YES;
				CLANG_WARN_ENUM_CONVERSION = YES;
				CLANG_WARN_INT_CONVERSION = YES;
				CLANG_WARN_OBJC_ROOT_CLASS = YES_ERROR;
				CLANG_WARN_UNREACHABLE_CODE = YES;
				CLANG_WARN__DUPLICATE_METHOD_MATCH = YES;
				"CODE_SIGN_IDENTITY[sdk=iphoneos*]" = "iPhone Developer";
				COPY_PHASE_STRIP = YES;
				ENABLE_NS_ASSERTIONS = NO;
				ENABLE_STRICT_OBJC_MSGSEND = YES;
				GCC_C_LANGUAGE_STANDARD = gnu99;
				GCC_WARN_64_TO_32_BIT_CONVERSION = YES;
				GCC_WARN_ABOUT_RETURN_TYPE = YES_ERROR;
				GCC_WARN_UNDECLARED_SELECTOR = YES;
				GCC_WARN_UNINITIALIZED_AUTOS = YES_AGGRESSIVE;
				GCC_WARN_UNUSED_FUNCTION = YES;
				GCC_WARN_UNUSED_VARIABLE = YES;
				IPHONEOS_DEPLOYMENT_TARGET = 8.1;
				MTL_ENABLE_DEBUG_INFO = NO;
				SDKROOT = iphoneos;
				TARGETED_DEVICE_FAMILY = 2;
				VALIDATE_PRODUCT = YES;
			};
			name = Release;
		};
		B639AB321A8A483A000B0CF9 /* Debug */ = {
			isa = XCBuildConfiguration;
			buildSettings = {
				ASSETCATALOG_COMPILER_APPICON_NAME = AppIcon;
				INFOPLIST_FILE = Bumper/Info.plist;
				LD_RUNPATH_SEARCH_PATHS = "$(inherited) @executable_path/Frameworks";
				PRODUCT_NAME = "$(TARGET_NAME)";
			};
			name = Debug;
		};
		B639AB331A8A483A000B0CF9 /* Release */ = {
			isa = XCBuildConfiguration;
			buildSettings = {
				ASSETCATALOG_COMPILER_APPICON_NAME = AppIcon;
				INFOPLIST_FILE = Bumper/Info.plist;
				LD_RUNPATH_SEARCH_PATHS = "$(inherited) @executable_path/Frameworks";
				PRODUCT_NAME = "$(TARGET_NAME)";
			};
			name = Release;
		};
		B639AB351A8A483A000B0CF9 /* Debug */ = {
			isa = XCBuildConfiguration;
			buildSettings = {
				BUNDLE_LOADER = "$(TEST_HOST)";
				FRAMEWORK_SEARCH_PATHS = (
					"$(SDKROOT)/Developer/Library/Frameworks",
					"$(inherited)",
				);
				GCC_PREPROCESSOR_DEFINITIONS = (
					"DEBUG=1",
					"$(inherited)",
				);
				INFOPLIST_FILE = BumperTests/Info.plist;
				LD_RUNPATH_SEARCH_PATHS = "$(inherited) @executable_path/Frameworks @loader_path/Frameworks";
				PRODUCT_NAME = "$(TARGET_NAME)";
				TEST_HOST = "$(BUILT_PRODUCTS_DIR)/Bumper.app/Bumper";
			};
			name = Debug;
		};
		B639AB361A8A483A000B0CF9 /* Release */ = {
			isa = XCBuildConfiguration;
			buildSettings = {
				BUNDLE_LOADER = "$(TEST_HOST)";
				FRAMEWORK_SEARCH_PATHS = (
					"$(SDKROOT)/Developer/Library/Frameworks",
					"$(inherited)",
				);
				INFOPLIST_FILE = BumperTests/Info.plist;
				LD_RUNPATH_SEARCH_PATHS = "$(inherited) @executable_path/Frameworks @loader_path/Frameworks";
				PRODUCT_NAME = "$(TARGET_NAME)";
				TEST_HOST = "$(BUILT_PRODUCTS_DIR)/Bumper.app/Bumper";
			};
			name = Release;
		};
/* End XCBuildConfiguration section */

/* Begin XCConfigurationList section */
		B639AB0D1A8A4839000B0CF9 /* Build configuration list for PBXProject "Bumper" */ = {
			isa = XCConfigurationList;
			buildConfigurations = (
				B639AB2F1A8A483A000B0CF9 /* Debug */,
				B639AB301A8A483A000B0CF9 /* Release */,
			);
			defaultConfigurationIsVisible = 0;
			defaultConfigurationName = Release;
		};
		B639AB311A8A483A000B0CF9 /* Build configuration list for PBXNativeTarget "Bumper" */ = {
			isa = XCConfigurationList;
			buildConfigurations = (
				B639AB321A8A483A000B0CF9 /* Debug */,
				B639AB331A8A483A000B0CF9 /* Release */,
			);
			defaultConfigurationIsVisible = 0;
		};
		B639AB341A8A483A000B0CF9 /* Build configuration list for PBXNativeTarget "BumperTests" */ = {
			isa = XCConfigurationList;
			buildConfigurations = (
				B639AB351A8A483A000B0CF9 /* Debug */,
				B639AB361A8A483A000B0CF9 /* Release */,
			);
			defaultConfigurationIsVisible = 0;
		};
/* End XCConfigurationList section */
	};
	rootObject = B639AB0A1A8A4839000B0CF9 /* Project object */;
}
